// !$*UTF8*$!
{
	archiveVersion = 1;
	classes = {
	};
	objectVersion = 46;
	objects = {

/* Begin PBXBuildFile section */
		67286050178CEE2100DA6097 /* libGameEngineIOS.a in Frameworks */ = {isa = PBXBuildFile; fileRef = 6728604E178CEE2100DA6097 /* libGameEngineIOS.a */; };
		67286105178DC92400DA6097 /* GameAppDelegate.m in Sources */ = {isa = PBXBuildFile; fileRef = 672860FB178DC92400DA6097 /* GameAppDelegate.m */; };
		67286106178DC92400DA6097 /* Default-568h@2x.png in Resources */ = {isa = PBXBuildFile; fileRef = 672860FE178DC92400DA6097 /* Default-568h@2x.png */; };
		67286107178DC92400DA6097 /* Default.png in Resources */ = {isa = PBXBuildFile; fileRef = 672860FF178DC92400DA6097 /* Default.png */; };
		67286108178DC92400DA6097 /* Default@2x.png in Resources */ = {isa = PBXBuildFile; fileRef = 67286100178DC92400DA6097 /* Default@2x.png */; };
		67286109178DC92400DA6097 /* main.m in Sources */ = {isa = PBXBuildFile; fileRef = 67286101178DC92400DA6097 /* main.m */; };
		6728610C178DC93900DA6097 /* MainWindow.xib in Resources */ = {isa = PBXBuildFile; fileRef = 6728610B178DC93900DA6097 /* MainWindow.xib */; };
		672BBFF3178FF58F00423CCB /* QuartzCore.framework in Frameworks */ = {isa = PBXBuildFile; fileRef = 672BBFF2178FF58F00423CCB /* QuartzCore.framework */; };
		672C5D59178B52F80032C67B /* UIKit.framework in Frameworks */ = {isa = PBXBuildFile; fileRef = 672C5D58178B52F80032C67B /* UIKit.framework */; };
		672C5D5B178B52F80032C67B /* Foundation.framework in Frameworks */ = {isa = PBXBuildFile; fileRef = 672C5D5A178B52F80032C67B /* Foundation.framework */; };
		672C5D5D178B52F80032C67B /* CoreGraphics.framework in Frameworks */ = {isa = PBXBuildFile; fileRef = 672C5D5C178B52F80032C67B /* CoreGraphics.framework */; };
		67C7AD781791369F00B7DF1F /* GLKit.framework in Frameworks */ = {isa = PBXBuildFile; fileRef = 67C7AD771791369F00B7DF1F /* GLKit.framework */; };
		67C7AD811791388D00B7DF1F /* OpenGLES.framework in Frameworks */ = {isa = PBXBuildFile; fileRef = 67C7AD801791388D00B7DF1F /* OpenGLES.framework */; };
		67C7AD8417913D9D00B7DF1F /* ViewDirector.xib in Resources */ = {isa = PBXBuildFile; fileRef = 67C7AD8317913D9D00B7DF1F /* ViewDirector.xib */; };
		67C7AD8617913DC300B7DF1F /* FpsCounter.xib in Resources */ = {isa = PBXBuildFile; fileRef = 67C7AD8517913DC300B7DF1F /* FpsCounter.xib */; };
/* End PBXBuildFile section */

/* Begin PBXFileReference section */
		6728604E178CEE2100DA6097 /* libGameEngineIOS.a */ = {isa = PBXFileReference; lastKnownFileType = archive.ar; name = libGameEngineIOS.a; path = "../../../Libraries/GameEngine/Project/build/Release-iphoneos/libGameEngineIOS.a"; sourceTree = "<group>"; };
		672860FA178DC92400DA6097 /* GameAppDelegate.h */ = {isa = PBXFileReference; fileEncoding = 4; lastKnownFileType = sourcecode.c.h; path = GameAppDelegate.h; sourceTree = "<group>"; };
		672860FB178DC92400DA6097 /* GameAppDelegate.m */ = {isa = PBXFileReference; fileEncoding = 4; lastKnownFileType = sourcecode.c.objc; path = GameAppDelegate.m; sourceTree = "<group>"; };
		672860FE178DC92400DA6097 /* Default-568h@2x.png */ = {isa = PBXFileReference; lastKnownFileType = image.png; path = "Default-568h@2x.png"; sourceTree = "<group>"; };
		672860FF178DC92400DA6097 /* Default.png */ = {isa = PBXFileReference; lastKnownFileType = image.png; path = Default.png; sourceTree = "<group>"; };
		67286100178DC92400DA6097 /* Default@2x.png */ = {isa = PBXFileReference; lastKnownFileType = image.png; path = "Default@2x.png"; sourceTree = "<group>"; };
		67286101178DC92400DA6097 /* main.m */ = {isa = PBXFileReference; fileEncoding = 4; lastKnownFileType = sourcecode.c.objc; path = main.m; sourceTree = "<group>"; };
		67286102178DC92400DA6097 /* TestIsles-Info.plist */ = {isa = PBXFileReference; fileEncoding = 4; lastKnownFileType = text.plist.xml; path = "TestIsles-Info.plist"; sourceTree = "<group>"; };
		67286103178DC92400DA6097 /* TestIsles-Prefix.pch */ = {isa = PBXFileReference; fileEncoding = 4; lastKnownFileType = sourcecode.c.h; path = "TestIsles-Prefix.pch"; sourceTree = "<group>"; };
		6728610B178DC93900DA6097 /* MainWindow.xib */ = {isa = PBXFileReference; fileEncoding = 4; lastKnownFileType = file.xib; path = MainWindow.xib; sourceTree = "<group>"; };
		672BBFF2178FF58F00423CCB /* QuartzCore.framework */ = {isa = PBXFileReference; lastKnownFileType = wrapper.framework; name = QuartzCore.framework; path = System/Library/Frameworks/QuartzCore.framework; sourceTree = SDKROOT; };
		672BC0191790698600423CCB /* libGameEngineOSX.a */ = {isa = PBXFileReference; lastKnownFileType = archive.ar; name = libGameEngineOSX.a; path = "../../../Libraries/GameEngine/Project/build/Release-iphoneos/libGameEngineOSX.a"; sourceTree = "<group>"; };
		672C5D58178B52F80032C67B /* UIKit.framework */ = {isa = PBXFileReference; lastKnownFileType = wrapper.framework; name = UIKit.framework; path = System/Library/Frameworks/UIKit.framework; sourceTree = SDKROOT; };
		672C5D5A178B52F80032C67B /* Foundation.framework */ = {isa = PBXFileReference; lastKnownFileType = wrapper.framework; name = Foundation.framework; path = System/Library/Frameworks/Foundation.framework; sourceTree = SDKROOT; };
		672C5D5C178B52F80032C67B /* CoreGraphics.framework */ = {isa = PBXFileReference; lastKnownFileType = wrapper.framework; name = CoreGraphics.framework; path = System/Library/Frameworks/CoreGraphics.framework; sourceTree = SDKROOT; };
		67C7AD771791369F00B7DF1F /* GLKit.framework */ = {isa = PBXFileReference; lastKnownFileType = wrapper.framework; name = GLKit.framework; path = System/Library/Frameworks/GLKit.framework; sourceTree = SDKROOT; };
		67C7AD801791388D00B7DF1F /* OpenGLES.framework */ = {isa = PBXFileReference; lastKnownFileType = wrapper.framework; name = OpenGLES.framework; path = System/Library/Frameworks/OpenGLES.framework; sourceTree = SDKROOT; };
		67C7AD8317913D9D00B7DF1F /* ViewDirector.xib */ = {isa = PBXFileReference; lastKnownFileType = file.xib; name = ViewDirector.xib; path = ../../../Libraries/AppCore/Project/Code/IOS/Views/ViewDirector/ViewDirector.xib; sourceTree = "<group>"; };
		67C7AD8517913DC300B7DF1F /* FpsCounter.xib */ = {isa = PBXFileReference; lastKnownFileType = file.xib; name = FpsCounter.xib; path = ../../../Libraries/GameEngine/Project/Code/IOS/FPSCounter/FpsCounter.xib; sourceTree = "<group>"; };
		67F74CF5178E7816009F1978 /* TestIsles.app */ = {isa = PBXFileReference; explicitFileType = wrapper.application; includeInIndex = 0; path = TestIsles.app; sourceTree = BUILT_PRODUCTS_DIR; };
/* End PBXFileReference section */

/* Begin PBXFrameworksBuildPhase section */
		672C5D52178B52F80032C67B /* Frameworks */ = {
			isa = PBXFrameworksBuildPhase;
			buildActionMask = 2147483647;
			files = (
				67C7AD811791388D00B7DF1F /* OpenGLES.framework in Frameworks */,
				67C7AD781791369F00B7DF1F /* GLKit.framework in Frameworks */,
				672BBFF3178FF58F00423CCB /* QuartzCore.framework in Frameworks */,
				67286050178CEE2100DA6097 /* libGameEngineIOS.a in Frameworks */,
				672C5D59178B52F80032C67B /* UIKit.framework in Frameworks */,
				672C5D5B178B52F80032C67B /* Foundation.framework in Frameworks */,
				672C5D5D178B52F80032C67B /* CoreGraphics.framework in Frameworks */,
			);
			runOnlyForDeploymentPostprocessing = 0;
		};
/* End PBXFrameworksBuildPhase section */

/* Begin PBXGroup section */
		67285FE4178CEC0700DA6097 /* Shared */ = {
			isa = PBXGroup;
			children = (
				67C7AD771791369F00B7DF1F /* GLKit.framework */,
				672BBFF2178FF58F00423CCB /* QuartzCore.framework */,
				672C5D5A178B52F80032C67B /* Foundation.framework */,
			);
			name = Shared;
			sourceTree = "<group>";
		};
		67285FE5178CEC0E00DA6097 /* IOS */ = {
			isa = PBXGroup;
			children = (
				6728604E178CEE2100DA6097 /* libGameEngineIOS.a */,
				672C5D5C178B52F80032C67B /* CoreGraphics.framework */,
				672C5D58178B52F80032C67B /* UIKit.framework */,
			);
			name = IOS;
			sourceTree = "<group>";
		};
		67285FE6178CEC1400DA6097 /* OSX */ = {
			isa = PBXGroup;
			children = (
				672BC0191790698600423CCB /* libGameEngineOSX.a */,
			);
			name = OSX;
			sourceTree = "<group>";
		};
		67285FE7178CEC1900DA6097 /* Products */ = {
			isa = PBXGroup;
			children = (
			);
			name = Products;
			sourceTree = "<group>";
		};
		672860F8178DC92400DA6097 /* IOS */ = {
			isa = PBXGroup;
			children = (
				672860F9178DC92400DA6097 /* AppDelegate */,
			);
			name = IOS;
			path = Code/IOS;
			sourceTree = SOURCE_ROOT;
		};
		672860F9178DC92400DA6097 /* AppDelegate */ = {
			isa = PBXGroup;
			children = (
				672860FA178DC92400DA6097 /* GameAppDelegate.h */,
				672860FB178DC92400DA6097 /* GameAppDelegate.m */,
				6728610B178DC93900DA6097 /* MainWindow.xib */,
			);
			path = AppDelegate;
			sourceTree = "<group>";
		};
		672860FC178DC92400DA6097 /* OSX */ = {
			isa = PBXGroup;
			children = (
			);
			name = OSX;
			path = Code/OSX;
			sourceTree = SOURCE_ROOT;
		};
		672860FD178DC92400DA6097 /* Shared */ = {
			isa = PBXGroup;
			children = (
				672860FE178DC92400DA6097 /* Default-568h@2x.png */,
				672860FF178DC92400DA6097 /* Default.png */,
				67286100178DC92400DA6097 /* Default@2x.png */,
				67286101178DC92400DA6097 /* main.m */,
				67286102178DC92400DA6097 /* TestIsles-Info.plist */,
				67286103178DC92400DA6097 /* TestIsles-Prefix.pch */,
			);
			name = Shared;
			path = Code/Shared;
			sourceTree = SOURCE_ROOT;
		};
		67286104178DC92400DA6097 /* SharedHeaders */ = {
			isa = PBXGroup;
			children = (
			);
			name = SharedHeaders;
			path = Code/SharedHeaders;
			sourceTree = SOURCE_ROOT;
		};
		672C5D4C178B52F80032C67B = {
			isa = PBXGroup;
			children = (
				67C7AD8517913DC300B7DF1F /* FpsCounter.xib */,
				67C7AD8317913D9D00B7DF1F /* ViewDirector.xib */,
				67C7AD801791388D00B7DF1F /* OpenGLES.framework */,
				672C5D5E178B52F80032C67B /* TestIsles Code */,
				672C5D57178B52F80032C67B /* TestIsles Frameworks */,
				67F74CF5178E7816009F1978 /* TestIsles.app */,
			);
			sourceTree = "<group>";
		};
		672C5D57178B52F80032C67B /* TestIsles Frameworks */ = {
			isa = PBXGroup;
			children = (
				67285FE7178CEC1900DA6097 /* Products */,
				67285FE6178CEC1400DA6097 /* OSX */,
				67285FE5178CEC0E00DA6097 /* IOS */,
				67285FE4178CEC0700DA6097 /* Shared */,
			);
			name = "TestIsles Frameworks";
			sourceTree = "<group>";
		};
		672C5D5E178B52F80032C67B /* TestIsles Code */ = {
			isa = PBXGroup;
			children = (
				672860F8178DC92400DA6097 /* IOS */,
				672860FC178DC92400DA6097 /* OSX */,
				672860FD178DC92400DA6097 /* Shared */,
				67286104178DC92400DA6097 /* SharedHeaders */,
			);
			name = "TestIsles Code";
			path = TestIsles;
			sourceTree = "<group>";
		};
/* End PBXGroup section */

/* Begin PBXNativeTarget section */
		672C5D54178B52F80032C67B /* TestIsles */ = {
			isa = PBXNativeTarget;
			buildConfigurationList = 672C5D72178B52F80032C67B /* Build configuration list for PBXNativeTarget "TestIsles" */;
			buildPhases = (
				672C5D51178B52F80032C67B /* Sources */,
				672C5D52178B52F80032C67B /* Frameworks */,
				672C5D53178B52F80032C67B /* Resources */,
			);
			buildRules = (
			);
			dependencies = (
			);
			name = TestIsles;
			productName = TestIsles;
			productReference = 67F74CF5178E7816009F1978 /* TestIsles.app */;
			productType = "com.apple.product-type.application";
		};
/* End PBXNativeTarget section */

/* Begin PBXProject section */
		672C5D4D178B52F80032C67B /* Project object */ = {
			isa = PBXProject;
			attributes = {
				LastUpgradeCheck = 0460;
				ORGANIZATIONNAME = "Caleb Fisher";
			};
			buildConfigurationList = 672C5D50178B52F80032C67B /* Build configuration list for PBXProject "TestIsles" */;
			compatibilityVersion = "Xcode 3.2";
			developmentRegion = English;
			hasScannedForEncodings = 0;
			knownRegions = (
				en,
			);
			mainGroup = 672C5D4C178B52F80032C67B;
			productRefGroup = 672C5D4C178B52F80032C67B;
			projectDirPath = "";
			projectRoot = "";
			targets = (
				672C5D54178B52F80032C67B /* TestIsles */,
			);
		};
/* End PBXProject section */

/* Begin PBXResourcesBuildPhase section */
		672C5D53178B52F80032C67B /* Resources */ = {
			isa = PBXResourcesBuildPhase;
			buildActionMask = 2147483647;
			files = (
				67C7AD8417913D9D00B7DF1F /* ViewDirector.xib in Resources */,
				67C7AD8617913DC300B7DF1F /* FpsCounter.xib in Resources */,
				67286106178DC92400DA6097 /* Default-568h@2x.png in Resources */,
				67286107178DC92400DA6097 /* Default.png in Resources */,
				67286108178DC92400DA6097 /* Default@2x.png in Resources */,
				6728610C178DC93900DA6097 /* MainWindow.xib in Resources */,
			);
			runOnlyForDeploymentPostprocessing = 0;
		};
/* End PBXResourcesBuildPhase section */

/* Begin PBXSourcesBuildPhase section */
		672C5D51178B52F80032C67B /* Sources */ = {
			isa = PBXSourcesBuildPhase;
			buildActionMask = 2147483647;
			files = (
				67286105178DC92400DA6097 /* GameAppDelegate.m in Sources */,
				67286109178DC92400DA6097 /* main.m in Sources */,
			);
			runOnlyForDeploymentPostprocessing = 0;
		};
/* End PBXSourcesBuildPhase section */

/* Begin XCBuildConfiguration section */
		672C5D70178B52F80032C67B /* Debug */ = {
			isa = XCBuildConfiguration;
			buildSettings = {
				ALWAYS_SEARCH_USER_PATHS = NO;
				CLANG_CXX_LANGUAGE_STANDARD = "gnu++0x";
				CLANG_CXX_LIBRARY = "libc++";
				CLANG_WARN_CONSTANT_CONVERSION = YES;
				CLANG_WARN_EMPTY_BODY = YES;
				CLANG_WARN_ENUM_CONVERSION = YES;
				CLANG_WARN_INT_CONVERSION = YES;
				CLANG_WARN__DUPLICATE_METHOD_MATCH = YES;
				"CODE_SIGN_IDENTITY[sdk=iphoneos*]" = "iPhone Developer";
				COPY_PHASE_STRIP = NO;
				GCC_C_LANGUAGE_STANDARD = gnu99;
				GCC_DYNAMIC_NO_PIC = NO;
				GCC_OPTIMIZATION_LEVEL = 0;
				GCC_PREPROCESSOR_DEFINITIONS = (
					"DEBUG=1",
					"$(inherited)",
				);
				GCC_SYMBOLS_PRIVATE_EXTERN = NO;
				GCC_WARN_ABOUT_RETURN_TYPE = YES;
				GCC_WARN_UNINITIALIZED_AUTOS = YES;
				GCC_WARN_UNUSED_VARIABLE = YES;
				IPHONEOS_DEPLOYMENT_TARGET = 6.1;
				ONLY_ACTIVE_ARCH = YES;
				SDKROOT = iphoneos;
				TARGETED_DEVICE_FAMILY = "1,2";
			};
			name = Debug;
		};
		672C5D71178B52F80032C67B /* Release */ = {
			isa = XCBuildConfiguration;
			buildSettings = {
				ALWAYS_SEARCH_USER_PATHS = NO;
				CLANG_CXX_LANGUAGE_STANDARD = "gnu++0x";
				CLANG_CXX_LIBRARY = "libc++";
				CLANG_WARN_CONSTANT_CONVERSION = YES;
				CLANG_WARN_EMPTY_BODY = YES;
				CLANG_WARN_ENUM_CONVERSION = YES;
				CLANG_WARN_INT_CONVERSION = YES;
				CLANG_WARN__DUPLICATE_METHOD_MATCH = YES;
				"CODE_SIGN_IDENTITY[sdk=iphoneos*]" = "iPhone Developer";
				COPY_PHASE_STRIP = YES;
				GCC_C_LANGUAGE_STANDARD = gnu99;
				GCC_WARN_ABOUT_RETURN_TYPE = YES;
				GCC_WARN_UNINITIALIZED_AUTOS = YES;
				GCC_WARN_UNUSED_VARIABLE = YES;
				IPHONEOS_DEPLOYMENT_TARGET = 6.1;
				OTHER_CFLAGS = "-DNS_BLOCK_ASSERTIONS=1";
				SDKROOT = iphoneos;
				TARGETED_DEVICE_FAMILY = "1,2";
				VALIDATE_PRODUCT = YES;
			};
			name = Release;
		};
		672C5D73178B52F80032C67B /* Debug */ = {
			isa = XCBuildConfiguration;
			buildSettings = {
				FRAMEWORK_SEARCH_PATHS = "$(SRCROOT)/**";
				GCC_PRECOMPILE_PREFIX_HEADER = YES;
				GCC_PREFIX_HEADER = "Code/Shared/TestIsles-Prefix.pch";
				GCC_TREAT_WARNINGS_AS_ERRORS = YES;
				INFOPLIST_FILE = "$(SRCROOT)/Code/Shared/TestIsles-Info.plist";
				LIBRARY_SEARCH_PATHS = "$(SRCROOT)/**";
				OTHER_LDFLAGS = "-ObjC";
				PRODUCT_NAME = "$(TARGET_NAME)";
				USER_HEADER_SEARCH_PATHS = "$(WORKSPACE_DIR)/Libraries/**";
				WORKSPACE_DIR = /myapps/ThroneRoom;
				WRAPPER_EXTENSION = app;
			};
			name = Debug;
		};
		672C5D74178B52F80032C67B /* Release */ = {
			isa = XCBuildConfiguration;
			buildSettings = {
				FRAMEWORK_SEARCH_PATHS = "$(SRCROOT)/**";
				GCC_PRECOMPILE_PREFIX_HEADER = YES;
				GCC_PREFIX_HEADER = "Code/Shared/TestIsles-Prefix.pch";
				GCC_TREAT_WARNINGS_AS_ERRORS = YES;
				INFOPLIST_FILE = "$(SRCROOT)/Code/Shared/TestIsles-Info.plist";
				LIBRARY_SEARCH_PATHS = "$(SRCROOT)/**";
				OTHER_LDFLAGS = "-ObjC";
				PRODUCT_NAME = "$(TARGET_NAME)";
				USER_HEADER_SEARCH_PATHS = "$(WORKSPACE_DIR)/Libraries/**";
				WORKSPACE_DIR = /myapps/ThroneRoom;
				WRAPPER_EXTENSION = app;
			};
			name = Release;
		};
/* End XCBuildConfiguration section */

/* Begin XCConfigurationList section */
		672C5D50178B52F80032C67B /* Build configuration list for PBXProject "TestIsles" */ = {
			isa = XCConfigurationList;
			buildConfigurations = (
				672C5D70178B52F80032C67B /* Debug */,
				672C5D71178B52F80032C67B /* Release */,
			);
			defaultConfigurationIsVisible = 0;
			defaultConfigurationName = Release;
		};
		672C5D72178B52F80032C67B /* Build configuration list for PBXNativeTarget "TestIsles" */ = {
			isa = XCConfigurationList;
			buildConfigurations = (
				672C5D73178B52F80032C67B /* Debug */,
				672C5D74178B52F80032C67B /* Release */,
			);
			defaultConfigurationIsVisible = 0;
			defaultConfigurationName = Release;
		};
/* End XCConfigurationList section */
	};
	rootObject = 672C5D4D178B52F80032C67B /* Project object */;
}
