// !$*UTF8*$!
{
	archiveVersion = 1;
	classes = {
	};
	objectVersion = 46;
	objects = {

/* Begin PBXBuildFile section */
		6717A2B61742250600BF60C0 /* UIKit.framework in Frameworks */ = {isa = PBXBuildFile; fileRef = 6717A2B51742250600BF60C0 /* UIKit.framework */; };
		6717A2B81742250600BF60C0 /* Foundation.framework in Frameworks */ = {isa = PBXBuildFile; fileRef = 6717A2B71742250600BF60C0 /* Foundation.framework */; };
		6717A2BA1742250600BF60C0 /* CoreGraphics.framework in Frameworks */ = {isa = PBXBuildFile; fileRef = 6717A2B91742250600BF60C0 /* CoreGraphics.framework */; };
		6717A2C01742250600BF60C0 /* InfoPlist.strings in Resources */ = {isa = PBXBuildFile; fileRef = 6717A2BE1742250600BF60C0 /* InfoPlist.strings */; };
		6717A2C21742250600BF60C0 /* main.m in Sources */ = {isa = PBXBuildFile; fileRef = 6717A2C11742250600BF60C0 /* main.m */; };
		6717A2C81742250600BF60C0 /* Default.png in Resources */ = {isa = PBXBuildFile; fileRef = 6717A2C71742250600BF60C0 /* Default.png */; };
		6717A2CA1742250600BF60C0 /* Default@2x.png in Resources */ = {isa = PBXBuildFile; fileRef = 6717A2C91742250600BF60C0 /* Default@2x.png */; };
		6717A2CC1742250600BF60C0 /* Default-568h@2x.png in Resources */ = {isa = PBXBuildFile; fileRef = 6717A2CB1742250600BF60C0 /* Default-568h@2x.png */; };
		6717A311174225E100BF60C0 /* .gitignore in Resources */ = {isa = PBXBuildFile; fileRef = 6717A2EC174225E100BF60C0 /* .gitignore */; };
		6717A312174225E100BF60C0 /* AppDirector.m in Sources */ = {isa = PBXBuildFile; fileRef = 6717A2EF174225E100BF60C0 /* AppDirector.m */; };
		6717A313174225E100BF60C0 /* NSObject+Object.m in Sources */ = {isa = PBXBuildFile; fileRef = 6717A2F4174225E100BF60C0 /* NSObject+Object.m */; };
		6717A314174225E100BF60C0 /* NSObject+Serialization.m in Sources */ = {isa = PBXBuildFile; fileRef = 6717A2F6174225E100BF60C0 /* NSObject+Serialization.m */; };
		6717A315174225E100BF60C0 /* Utilities.m in Sources */ = {isa = PBXBuildFile; fileRef = 6717A2F8174225E100BF60C0 /* Utilities.m */; };
		6717A316174225E100BF60C0 /* ResourceManager.m in Sources */ = {isa = PBXBuildFile; fileRef = 6717A2FC174225E100BF60C0 /* ResourceManager.m */; };
		6717A317174225E100BF60C0 /* ViewManager.m in Sources */ = {isa = PBXBuildFile; fileRef = 6717A2FE174225E100BF60C0 /* ViewManager.m */; };
		6717A318174225E100BF60C0 /* JSONKit.m in Sources */ = {isa = PBXBuildFile; fileRef = 6717A301174225E100BF60C0 /* JSONKit.m */; };
		6717A319174225E100BF60C0 /* Manager.m in Sources */ = {isa = PBXBuildFile; fileRef = 6717A304174225E100BF60C0 /* Manager.m */; };
		6717A31A174225E100BF60C0 /* Service.m in Sources */ = {isa = PBXBuildFile; fileRef = 6717A307174225E100BF60C0 /* Service.m */; };
		6717A31B174225E100BF60C0 /* ManagedScrollView.m in Sources */ = {isa = PBXBuildFile; fileRef = 6717A30A174225E100BF60C0 /* ManagedScrollView.m */; };
		6717A31C174225E100BF60C0 /* ManagedView.m in Sources */ = {isa = PBXBuildFile; fileRef = 6717A30C174225E100BF60C0 /* ManagedView.m */; };
		6717A31D174225E100BF60C0 /* PassthroughView.m in Sources */ = {isa = PBXBuildFile; fileRef = 6717A30E174225E100BF60C0 /* PassthroughView.m */; };
		6717A31E174225E100BF60C0 /* ViewLayer.m in Sources */ = {isa = PBXBuildFile; fileRef = 6717A310174225E100BF60C0 /* ViewLayer.m */; };
		6717A3271742287400BF60C0 /* GameViewDirector.m in Sources */ = {isa = PBXBuildFile; fileRef = 6717A3261742287400BF60C0 /* GameViewDirector.m */; };
		6717A32A1742288F00BF60C0 /* GameAppDelegate.m in Sources */ = {isa = PBXBuildFile; fileRef = 6717A3291742288F00BF60C0 /* GameAppDelegate.m */; };
		6717A32E1742293B00BF60C0 /* GameViewDirector.xib in Resources */ = {isa = PBXBuildFile; fileRef = 6717A32C1742293B00BF60C0 /* GameViewDirector.xib */; };
		6717A32F1742293B00BF60C0 /* MainWindow.xib in Resources */ = {isa = PBXBuildFile; fileRef = 6717A32D1742293B00BF60C0 /* MainWindow.xib */; };
/* End PBXBuildFile section */

/* Begin PBXFileReference section */
		6717A2B21742250600BF60C0 /* game.app */ = {isa = PBXFileReference; explicitFileType = wrapper.application; includeInIndex = 0; path = game.app; sourceTree = BUILT_PRODUCTS_DIR; };
		6717A2B51742250600BF60C0 /* UIKit.framework */ = {isa = PBXFileReference; lastKnownFileType = wrapper.framework; name = UIKit.framework; path = System/Library/Frameworks/UIKit.framework; sourceTree = SDKROOT; };
		6717A2B71742250600BF60C0 /* Foundation.framework */ = {isa = PBXFileReference; lastKnownFileType = wrapper.framework; name = Foundation.framework; path = System/Library/Frameworks/Foundation.framework; sourceTree = SDKROOT; };
		6717A2B91742250600BF60C0 /* CoreGraphics.framework */ = {isa = PBXFileReference; lastKnownFileType = wrapper.framework; name = CoreGraphics.framework; path = System/Library/Frameworks/CoreGraphics.framework; sourceTree = SDKROOT; };
		6717A2BD1742250600BF60C0 /* game-Info.plist */ = {isa = PBXFileReference; lastKnownFileType = text.plist.xml; path = "game-Info.plist"; sourceTree = "<group>"; };
		6717A2BF1742250600BF60C0 /* en */ = {isa = PBXFileReference; lastKnownFileType = text.plist.strings; name = en; path = en.lproj/InfoPlist.strings; sourceTree = "<group>"; };
		6717A2C11742250600BF60C0 /* main.m */ = {isa = PBXFileReference; lastKnownFileType = sourcecode.c.objc; path = main.m; sourceTree = "<group>"; };
		6717A2C31742250600BF60C0 /* game-Prefix.pch */ = {isa = PBXFileReference; lastKnownFileType = sourcecode.c.h; path = "game-Prefix.pch"; sourceTree = "<group>"; };
		6717A2C71742250600BF60C0 /* Default.png */ = {isa = PBXFileReference; lastKnownFileType = image.png; path = Default.png; sourceTree = "<group>"; };
		6717A2C91742250600BF60C0 /* Default@2x.png */ = {isa = PBXFileReference; lastKnownFileType = image.png; path = "Default@2x.png"; sourceTree = "<group>"; };
		6717A2CB1742250600BF60C0 /* Default-568h@2x.png */ = {isa = PBXFileReference; lastKnownFileType = image.png; path = "Default-568h@2x.png"; sourceTree = "<group>"; };
		6717A2D31742250600BF60C0 /* SenTestingKit.framework */ = {isa = PBXFileReference; lastKnownFileType = wrapper.framework; name = SenTestingKit.framework; path = Library/Frameworks/SenTestingKit.framework; sourceTree = DEVELOPER_DIR; };
		6717A2EC174225E100BF60C0 /* .gitignore */ = {isa = PBXFileReference; fileEncoding = 4; lastKnownFileType = text; path = .gitignore; sourceTree = "<group>"; };
		6717A2EE174225E100BF60C0 /* AppDirector.h */ = {isa = PBXFileReference; fileEncoding = 4; lastKnownFileType = sourcecode.c.h; path = AppDirector.h; sourceTree = "<group>"; };
		6717A2EF174225E100BF60C0 /* AppDirector.m */ = {isa = PBXFileReference; fileEncoding = 4; lastKnownFileType = sourcecode.c.objc; path = AppDirector.m; sourceTree = "<group>"; };
		6717A2F1174225E100BF60C0 /* Asserts.h */ = {isa = PBXFileReference; fileEncoding = 4; lastKnownFileType = sourcecode.c.h; path = Asserts.h; sourceTree = "<group>"; };
		6717A2F2174225E100BF60C0 /* Base.h */ = {isa = PBXFileReference; fileEncoding = 4; lastKnownFileType = sourcecode.c.h; path = Base.h; sourceTree = "<group>"; };
		6717A2F3174225E100BF60C0 /* NSObject+Object.h */ = {isa = PBXFileReference; fileEncoding = 4; lastKnownFileType = sourcecode.c.h; path = "NSObject+Object.h"; sourceTree = "<group>"; };
		6717A2F4174225E100BF60C0 /* NSObject+Object.m */ = {isa = PBXFileReference; fileEncoding = 4; lastKnownFileType = sourcecode.c.objc; path = "NSObject+Object.m"; sourceTree = "<group>"; };
		6717A2F5174225E100BF60C0 /* NSObject+Serialization.h */ = {isa = PBXFileReference; fileEncoding = 4; lastKnownFileType = sourcecode.c.h; path = "NSObject+Serialization.h"; sourceTree = "<group>"; };
		6717A2F6174225E100BF60C0 /* NSObject+Serialization.m */ = {isa = PBXFileReference; fileEncoding = 4; lastKnownFileType = sourcecode.c.objc; path = "NSObject+Serialization.m"; sourceTree = "<group>"; };
		6717A2F7174225E100BF60C0 /* Utilities.h */ = {isa = PBXFileReference; fileEncoding = 4; lastKnownFileType = sourcecode.c.h; path = Utilities.h; sourceTree = "<group>"; };
		6717A2F8174225E100BF60C0 /* Utilities.m */ = {isa = PBXFileReference; fileEncoding = 4; lastKnownFileType = sourcecode.c.objc; path = Utilities.m; sourceTree = "<group>"; };
		6717A2F9174225E100BF60C0 /* Core.h */ = {isa = PBXFileReference; fileEncoding = 4; lastKnownFileType = sourcecode.c.h; path = Core.h; sourceTree = "<group>"; };
		6717A2FB174225E100BF60C0 /* ResourceManager.h */ = {isa = PBXFileReference; fileEncoding = 4; lastKnownFileType = sourcecode.c.h; path = ResourceManager.h; sourceTree = "<group>"; };
		6717A2FC174225E100BF60C0 /* ResourceManager.m */ = {isa = PBXFileReference; fileEncoding = 4; lastKnownFileType = sourcecode.c.objc; path = ResourceManager.m; sourceTree = "<group>"; };
		6717A2FD174225E100BF60C0 /* ViewManager.h */ = {isa = PBXFileReference; fileEncoding = 4; lastKnownFileType = sourcecode.c.h; path = ViewManager.h; sourceTree = "<group>"; };
		6717A2FE174225E100BF60C0 /* ViewManager.m */ = {isa = PBXFileReference; fileEncoding = 4; lastKnownFileType = sourcecode.c.objc; path = ViewManager.m; sourceTree = "<group>"; };
		6717A300174225E100BF60C0 /* JSONKit.h */ = {isa = PBXFileReference; fileEncoding = 4; lastKnownFileType = sourcecode.c.h; path = JSONKit.h; sourceTree = "<group>"; };
		6717A301174225E100BF60C0 /* JSONKit.m */ = {isa = PBXFileReference; fileEncoding = 4; lastKnownFileType = sourcecode.c.objc; path = JSONKit.m; sourceTree = "<group>"; };
		6717A303174225E100BF60C0 /* Manager.h */ = {isa = PBXFileReference; fileEncoding = 4; lastKnownFileType = sourcecode.c.h; path = Manager.h; sourceTree = "<group>"; };
		6717A304174225E100BF60C0 /* Manager.m */ = {isa = PBXFileReference; fileEncoding = 4; lastKnownFileType = sourcecode.c.objc; path = Manager.m; sourceTree = "<group>"; };
		6717A306174225E100BF60C0 /* Service.h */ = {isa = PBXFileReference; fileEncoding = 4; lastKnownFileType = sourcecode.c.h; path = Service.h; sourceTree = "<group>"; };
		6717A307174225E100BF60C0 /* Service.m */ = {isa = PBXFileReference; fileEncoding = 4; lastKnownFileType = sourcecode.c.objc; path = Service.m; sourceTree = "<group>"; };
		6717A309174225E100BF60C0 /* ManagedScrollView.h */ = {isa = PBXFileReference; fileEncoding = 4; lastKnownFileType = sourcecode.c.h; path = ManagedScrollView.h; sourceTree = "<group>"; };
		6717A30A174225E100BF60C0 /* ManagedScrollView.m */ = {isa = PBXFileReference; fileEncoding = 4; lastKnownFileType = sourcecode.c.objc; path = ManagedScrollView.m; sourceTree = "<group>"; };
		6717A30B174225E100BF60C0 /* ManagedView.h */ = {isa = PBXFileReference; fileEncoding = 4; lastKnownFileType = sourcecode.c.h; path = ManagedView.h; sourceTree = "<group>"; };
		6717A30C174225E100BF60C0 /* ManagedView.m */ = {isa = PBXFileReference; fileEncoding = 4; lastKnownFileType = sourcecode.c.objc; path = ManagedView.m; sourceTree = "<group>"; };
		6717A30D174225E100BF60C0 /* PassthroughView.h */ = {isa = PBXFileReference; fileEncoding = 4; lastKnownFileType = sourcecode.c.h; path = PassthroughView.h; sourceTree = "<group>"; };
		6717A30E174225E100BF60C0 /* PassthroughView.m */ = {isa = PBXFileReference; fileEncoding = 4; lastKnownFileType = sourcecode.c.objc; path = PassthroughView.m; sourceTree = "<group>"; };
		6717A30F174225E100BF60C0 /* ViewLayer.h */ = {isa = PBXFileReference; fileEncoding = 4; lastKnownFileType = sourcecode.c.h; path = ViewLayer.h; sourceTree = "<group>"; };
		6717A310174225E100BF60C0 /* ViewLayer.m */ = {isa = PBXFileReference; fileEncoding = 4; lastKnownFileType = sourcecode.c.objc; path = ViewLayer.m; sourceTree = "<group>"; };
		6717A3251742287400BF60C0 /* GameViewDirector.h */ = {isa = PBXFileReference; fileEncoding = 4; lastKnownFileType = sourcecode.c.h; name = GameViewDirector.h; path = Code/AppDelegate/GameViewDirector.h; sourceTree = "<group>"; };
		6717A3261742287400BF60C0 /* GameViewDirector.m */ = {isa = PBXFileReference; fileEncoding = 4; lastKnownFileType = sourcecode.c.objc; name = GameViewDirector.m; path = Code/AppDelegate/GameViewDirector.m; sourceTree = "<group>"; };
		6717A3281742288F00BF60C0 /* GameAppDelegate.h */ = {isa = PBXFileReference; fileEncoding = 4; lastKnownFileType = sourcecode.c.h; name = GameAppDelegate.h; path = Code/AppDelegate/GameAppDelegate.h; sourceTree = "<group>"; };
		6717A3291742288F00BF60C0 /* GameAppDelegate.m */ = {isa = PBXFileReference; fileEncoding = 4; lastKnownFileType = sourcecode.c.objc; name = GameAppDelegate.m; path = Code/AppDelegate/GameAppDelegate.m; sourceTree = "<group>"; };
		6717A32B174228C700BF60C0 /* Game.h */ = {isa = PBXFileReference; lastKnownFileType = sourcecode.c.h; name = Game.h; path = Code/Game.h; sourceTree = "<group>"; };
		6717A32C1742293B00BF60C0 /* GameViewDirector.xib */ = {isa = PBXFileReference; fileEncoding = 4; lastKnownFileType = file.xib; name = GameViewDirector.xib; path = Code/AppDelegate/GameViewDirector.xib; sourceTree = "<group>"; };
		6717A32D1742293B00BF60C0 /* MainWindow.xib */ = {isa = PBXFileReference; fileEncoding = 4; lastKnownFileType = file.xib; name = MainWindow.xib; path = Code/AppDelegate/MainWindow.xib; sourceTree = "<group>"; };
/* End PBXFileReference section */

/* Begin PBXFrameworksBuildPhase section */
		6717A2AF1742250600BF60C0 /* Frameworks */ = {
			isa = PBXFrameworksBuildPhase;
			buildActionMask = 2147483647;
			files = (
				6717A2B61742250600BF60C0 /* UIKit.framework in Frameworks */,
				6717A2B81742250600BF60C0 /* Foundation.framework in Frameworks */,
				6717A2BA1742250600BF60C0 /* CoreGraphics.framework in Frameworks */,
			);
			runOnlyForDeploymentPostprocessing = 0;
		};
/* End PBXFrameworksBuildPhase section */

/* Begin PBXGroup section */
		6717A2A91742250600BF60C0 = {
			isa = PBXGroup;
			children = (
				6717A2EA174225E100BF60C0 /* submodules */,
				6717A2BB1742250600BF60C0 /* game */,
				6717A2B41742250600BF60C0 /* frameworks */,
				6717A2B31742250600BF60C0 /* products */,
			);
			sourceTree = "<group>";
		};
		6717A2B31742250600BF60C0 /* products */ = {
			isa = PBXGroup;
			children = (
				6717A2B21742250600BF60C0 /* game.app */,
			);
			name = products;
			sourceTree = "<group>";
		};
		6717A2B41742250600BF60C0 /* frameworks */ = {
			isa = PBXGroup;
			children = (
				6717A2B51742250600BF60C0 /* UIKit.framework */,
				6717A2B71742250600BF60C0 /* Foundation.framework */,
				6717A2B91742250600BF60C0 /* CoreGraphics.framework */,
				6717A2D31742250600BF60C0 /* SenTestingKit.framework */,
			);
			name = frameworks;
			sourceTree = "<group>";
		};
		6717A2BB1742250600BF60C0 /* game */ = {
			isa = PBXGroup;
			children = (
				6717A31F1742264500BF60C0 /* code */,
				6717A2BC1742250600BF60C0 /* supportingFiles */,
			);
			path = game;
			sourceTree = "<group>";
		};
		6717A2BC1742250600BF60C0 /* supportingFiles */ = {
			isa = PBXGroup;
			children = (
				6717A2BD1742250600BF60C0 /* game-Info.plist */,
				6717A2BE1742250600BF60C0 /* InfoPlist.strings */,
				6717A2C31742250600BF60C0 /* game-Prefix.pch */,
				6717A2C71742250600BF60C0 /* Default.png */,
				6717A2C91742250600BF60C0 /* Default@2x.png */,
				6717A2CB1742250600BF60C0 /* Default-568h@2x.png */,
			);
			name = supportingFiles;
			sourceTree = "<group>";
		};
		6717A2EA174225E100BF60C0 /* submodules */ = {
			isa = PBXGroup;
			children = (
				6717A2EB174225E100BF60C0 /* core */,
			);
			path = submodules;
			sourceTree = "<group>";
		};
		6717A2EB174225E100BF60C0 /* core */ = {
			isa = PBXGroup;
			children = (
				6717A2EC174225E100BF60C0 /* .gitignore */,
				6717A2ED174225E100BF60C0 /* appDirector */,
				6717A2F0174225E100BF60C0 /* base */,
				6717A2F9174225E100BF60C0 /* Core.h */,
				6717A2FA174225E100BF60C0 /* coreManagers */,
				6717A2FF174225E100BF60C0 /* JSON */,
				6717A302174225E100BF60C0 /* manager */,
				6717A305174225E100BF60C0 /* service */,
				6717A308174225E100BF60C0 /* views */,
			);
			path = core;
			sourceTree = "<group>";
		};
		6717A2ED174225E100BF60C0 /* appDirector */ = {
			isa = PBXGroup;
			children = (
				6717A2EE174225E100BF60C0 /* AppDirector.h */,
				6717A2EF174225E100BF60C0 /* AppDirector.m */,
			);
			path = appDirector;
			sourceTree = "<group>";
		};
		6717A2F0174225E100BF60C0 /* base */ = {
			isa = PBXGroup;
			children = (
				6717A2F1174225E100BF60C0 /* Asserts.h */,
				6717A2F2174225E100BF60C0 /* Base.h */,
				6717A2F3174225E100BF60C0 /* NSObject+Object.h */,
				6717A2F4174225E100BF60C0 /* NSObject+Object.m */,
				6717A2F5174225E100BF60C0 /* NSObject+Serialization.h */,
				6717A2F6174225E100BF60C0 /* NSObject+Serialization.m */,
				6717A2F7174225E100BF60C0 /* Utilities.h */,
				6717A2F8174225E100BF60C0 /* Utilities.m */,
			);
			path = base;
			sourceTree = "<group>";
		};
		6717A2FA174225E100BF60C0 /* coreManagers */ = {
			isa = PBXGroup;
			children = (
				6717A2FB174225E100BF60C0 /* ResourceManager.h */,
				6717A2FC174225E100BF60C0 /* ResourceManager.m */,
				6717A2FD174225E100BF60C0 /* ViewManager.h */,
				6717A2FE174225E100BF60C0 /* ViewManager.m */,
			);
			path = coreManagers;
			sourceTree = "<group>";
		};
		6717A2FF174225E100BF60C0 /* JSON */ = {
			isa = PBXGroup;
			children = (
				6717A300174225E100BF60C0 /* JSONKit.h */,
				6717A301174225E100BF60C0 /* JSONKit.m */,
			);
			path = JSON;
			sourceTree = "<group>";
		};
		6717A302174225E100BF60C0 /* manager */ = {
			isa = PBXGroup;
			children = (
				6717A303174225E100BF60C0 /* Manager.h */,
				6717A304174225E100BF60C0 /* Manager.m */,
			);
			path = manager;
			sourceTree = "<group>";
		};
		6717A305174225E100BF60C0 /* service */ = {
			isa = PBXGroup;
			children = (
				6717A306174225E100BF60C0 /* Service.h */,
				6717A307174225E100BF60C0 /* Service.m */,
			);
			path = service;
			sourceTree = "<group>";
		};
		6717A308174225E100BF60C0 /* views */ = {
			isa = PBXGroup;
			children = (
				6717A309174225E100BF60C0 /* ManagedScrollView.h */,
				6717A30A174225E100BF60C0 /* ManagedScrollView.m */,
				6717A30B174225E100BF60C0 /* ManagedView.h */,
				6717A30C174225E100BF60C0 /* ManagedView.m */,
				6717A30D174225E100BF60C0 /* PassthroughView.h */,
				6717A30E174225E100BF60C0 /* PassthroughView.m */,
				6717A30F174225E100BF60C0 /* ViewLayer.h */,
				6717A310174225E100BF60C0 /* ViewLayer.m */,
			);
			path = views;
			sourceTree = "<group>";
		};
		6717A31F1742264500BF60C0 /* code */ = {
			isa = PBXGroup;
			children = (
				6717A3201742266100BF60C0 /* AppDelegate */,
				6717A3211742267700BF60C0 /* Managers */,
				6717A3221742268400BF60C0 /* Services */,
				6717A3231742268B00BF60C0 /* UI */,
				6717A2C11742250600BF60C0 /* main.m */,
				6717A32B174228C700BF60C0 /* Game.h */,
			);
			name = code;
			sourceTree = "<group>";
		};
		6717A3201742266100BF60C0 /* AppDelegate */ = {
			isa = PBXGroup;
			children = (
				6717A32C1742293B00BF60C0 /* GameViewDirector.xib */,
				6717A32D1742293B00BF60C0 /* MainWindow.xib */,
				6717A3251742287400BF60C0 /* GameViewDirector.h */,
				6717A3261742287400BF60C0 /* GameViewDirector.m */,
				6717A3281742288F00BF60C0 /* GameAppDelegate.h */,
				6717A3291742288F00BF60C0 /* GameAppDelegate.m */,
			);
			name = AppDelegate;
			sourceTree = "<group>";
		};
		6717A3211742267700BF60C0 /* Managers */ = {
			isa = PBXGroup;
			children = (
			);
			name = Managers;
			sourceTree = "<group>";
		};
		6717A3221742268400BF60C0 /* Services */ = {
			isa = PBXGroup;
			children = (
			);
			name = Services;
			sourceTree = "<group>";
		};
		6717A3231742268B00BF60C0 /* UI */ = {
			isa = PBXGroup;
			children = (
			);
			name = UI;
			sourceTree = "<group>";
		};
/* End PBXGroup section */

/* Begin PBXNativeTarget section */
		6717A2B11742250600BF60C0 /* game */ = {
			isa = PBXNativeTarget;
			buildConfigurationList = 6717A2E41742250600BF60C0 /* Build configuration list for PBXNativeTarget "game" */;
			buildPhases = (
				6717A2AE1742250600BF60C0 /* Sources */,
				6717A2AF1742250600BF60C0 /* Frameworks */,
				6717A2B01742250600BF60C0 /* Resources */,
			);
			buildRules = (
			);
			dependencies = (
			);
			name = game;
			productName = game;
			productReference = 6717A2B21742250600BF60C0 /* game.app */;
			productType = "com.apple.product-type.application";
		};
/* End PBXNativeTarget section */

/* Begin PBXProject section */
		6717A2AA1742250600BF60C0 /* Project object */ = {
			isa = PBXProject;
			attributes = {
				LastUpgradeCheck = 0460;
				ORGANIZATIONNAME = "Caleb Fisher";
			};
			buildConfigurationList = 6717A2AD1742250600BF60C0 /* Build configuration list for PBXProject "game" */;
			compatibilityVersion = "Xcode 3.2";
			developmentRegion = English;
			hasScannedForEncodings = 0;
			knownRegions = (
				en,
			);
			mainGroup = 6717A2A91742250600BF60C0;
			productRefGroup = 6717A2B31742250600BF60C0 /* products */;
			projectDirPath = "";
			projectRoot = "";
			targets = (
				6717A2B11742250600BF60C0 /* game */,
			);
		};
/* End PBXProject section */

/* Begin PBXResourcesBuildPhase section */
		6717A2B01742250600BF60C0 /* Resources */ = {
			isa = PBXResourcesBuildPhase;
			buildActionMask = 2147483647;
			files = (
				6717A2C01742250600BF60C0 /* InfoPlist.strings in Resources */,
				6717A2C81742250600BF60C0 /* Default.png in Resources */,
				6717A2CA1742250600BF60C0 /* Default@2x.png in Resources */,
				6717A2CC1742250600BF60C0 /* Default-568h@2x.png in Resources */,
				6717A311174225E100BF60C0 /* .gitignore in Resources */,
				6717A32E1742293B00BF60C0 /* GameViewDirector.xib in Resources */,
				6717A32F1742293B00BF60C0 /* MainWindow.xib in Resources */,
			);
			runOnlyForDeploymentPostprocessing = 0;
		};
/* End PBXResourcesBuildPhase section */

/* Begin PBXSourcesBuildPhase section */
		6717A2AE1742250600BF60C0 /* Sources */ = {
			isa = PBXSourcesBuildPhase;
			buildActionMask = 2147483647;
			files = (
				6717A2C21742250600BF60C0 /* main.m in Sources */,
				6717A312174225E100BF60C0 /* AppDirector.m in Sources */,
				6717A313174225E100BF60C0 /* NSObject+Object.m in Sources */,
				6717A314174225E100BF60C0 /* NSObject+Serialization.m in Sources */,
				6717A315174225E100BF60C0 /* Utilities.m in Sources */,
				6717A316174225E100BF60C0 /* ResourceManager.m in Sources */,
				6717A317174225E100BF60C0 /* ViewManager.m in Sources */,
				6717A318174225E100BF60C0 /* JSONKit.m in Sources */,
				6717A319174225E100BF60C0 /* Manager.m in Sources */,
				6717A31A174225E100BF60C0 /* Service.m in Sources */,
				6717A31B174225E100BF60C0 /* ManagedScrollView.m in Sources */,
				6717A31C174225E100BF60C0 /* ManagedView.m in Sources */,
				6717A31D174225E100BF60C0 /* PassthroughView.m in Sources */,
				6717A31E174225E100BF60C0 /* ViewLayer.m in Sources */,
				6717A3271742287400BF60C0 /* GameViewDirector.m in Sources */,
				6717A32A1742288F00BF60C0 /* GameAppDelegate.m in Sources */,
			);
			runOnlyForDeploymentPostprocessing = 0;
		};
/* End PBXSourcesBuildPhase section */

/* Begin PBXVariantGroup section */
		6717A2BE1742250600BF60C0 /* InfoPlist.strings */ = {
			isa = PBXVariantGroup;
			children = (
				6717A2BF1742250600BF60C0 /* en */,
			);
			name = InfoPlist.strings;
			sourceTree = "<group>";
		};
/* End PBXVariantGroup section */

/* Begin XCBuildConfiguration section */
		6717A2E21742250600BF60C0 /* Debug */ = {
			isa = XCBuildConfiguration;
			buildSettings = {
				ALWAYS_SEARCH_USER_PATHS = NO;
				CLANG_CXX_LANGUAGE_STANDARD = "gnu++0x";
				CLANG_CXX_LIBRARY = "libc++";
				CLANG_ENABLE_OBJC_ARC = NO;
				CLANG_WARN_CONSTANT_CONVERSION = YES;
				CLANG_WARN_EMPTY_BODY = YES;
				CLANG_WARN_ENUM_CONVERSION = YES;
				CLANG_WARN_INT_CONVERSION = YES;
				CLANG_WARN__DUPLICATE_METHOD_MATCH = YES;
				"CODE_SIGN_IDENTITY[sdk=iphoneos*]" = "iPhone Developer";
				COPY_PHASE_STRIP = NO;
				GCC_C_LANGUAGE_STANDARD = gnu99;
				GCC_DYNAMIC_NO_PIC = NO;
				GCC_OPTIMIZATION_LEVEL = 0;
				GCC_PREPROCESSOR_DEFINITIONS = (
					"DEBUG=1",
					"$(inherited)",
				);
				GCC_SYMBOLS_PRIVATE_EXTERN = NO;
				GCC_WARN_ABOUT_RETURN_TYPE = YES;
				GCC_WARN_UNINITIALIZED_AUTOS = YES;
				GCC_WARN_UNUSED_VARIABLE = YES;
				IPHONEOS_DEPLOYMENT_TARGET = 6.1;
				ONLY_ACTIVE_ARCH = YES;
				SDKROOT = iphoneos;
				TARGETED_DEVICE_FAMILY = "1,2";
			};
			name = Debug;
		};
		6717A2E31742250600BF60C0 /* Release */ = {
			isa = XCBuildConfiguration;
			buildSettings = {
				ALWAYS_SEARCH_USER_PATHS = NO;
				CLANG_CXX_LANGUAGE_STANDARD = "gnu++0x";
				CLANG_CXX_LIBRARY = "libc++";
				CLANG_ENABLE_OBJC_ARC = NO;
				CLANG_WARN_CONSTANT_CONVERSION = YES;
				CLANG_WARN_EMPTY_BODY = YES;
				CLANG_WARN_ENUM_CONVERSION = YES;
				CLANG_WARN_INT_CONVERSION = YES;
				CLANG_WARN__DUPLICATE_METHOD_MATCH = YES;
				"CODE_SIGN_IDENTITY[sdk=iphoneos*]" = "iPhone Developer";
				COPY_PHASE_STRIP = YES;
				GCC_C_LANGUAGE_STANDARD = gnu99;
				GCC_WARN_ABOUT_RETURN_TYPE = YES;
				GCC_WARN_UNINITIALIZED_AUTOS = YES;
				GCC_WARN_UNUSED_VARIABLE = YES;
				IPHONEOS_DEPLOYMENT_TARGET = 6.1;
				OTHER_CFLAGS = "-DNS_BLOCK_ASSERTIONS=1";
				SDKROOT = iphoneos;
				TARGETED_DEVICE_FAMILY = "1,2";
				VALIDATE_PRODUCT = YES;
			};
			name = Release;
		};
		6717A2E51742250600BF60C0 /* Debug */ = {
			isa = XCBuildConfiguration;
			buildSettings = {
				GCC_PRECOMPILE_PREFIX_HEADER = YES;
				GCC_PREFIX_HEADER = "game/game-Prefix.pch";
				INFOPLIST_FILE = "game/game-Info.plist";
				PRODUCT_NAME = "$(TARGET_NAME)";
				WRAPPER_EXTENSION = app;
			};
			name = Debug;
		};
		6717A2E61742250600BF60C0 /* Release */ = {
			isa = XCBuildConfiguration;
			buildSettings = {
				GCC_PRECOMPILE_PREFIX_HEADER = YES;
				GCC_PREFIX_HEADER = "game/game-Prefix.pch";
				INFOPLIST_FILE = "game/game-Info.plist";
				PRODUCT_NAME = "$(TARGET_NAME)";
				WRAPPER_EXTENSION = app;
			};
			name = Release;
		};
/* End XCBuildConfiguration section */

/* Begin XCConfigurationList section */
		6717A2AD1742250600BF60C0 /* Build configuration list for PBXProject "game" */ = {
			isa = XCConfigurationList;
			buildConfigurations = (
				6717A2E21742250600BF60C0 /* Debug */,
				6717A2E31742250600BF60C0 /* Release */,
			);
			defaultConfigurationIsVisible = 0;
			defaultConfigurationName = Release;
		};
		6717A2E41742250600BF60C0 /* Build configuration list for PBXNativeTarget "game" */ = {
			isa = XCConfigurationList;
			buildConfigurations = (
				6717A2E51742250600BF60C0 /* Debug */,
				6717A2E61742250600BF60C0 /* Release */,
			);
			defaultConfigurationIsVisible = 0;
			defaultConfigurationName = Release;
		};
/* End XCConfigurationList section */
	};
	rootObject = 6717A2AA1742250600BF60C0 /* Project object */;
}
