// !$*UTF8*$!
{
	archiveVersion = 1;
	classes = {
	};
	objectVersion = 46;
	objects = {

/* Begin PBXBuildFile section */
		6715454D1744ABC4000E767B /* TestMainMenu.m in Sources */ = {isa = PBXBuildFile; fileRef = 6715454B1744ABC4000E767B /* TestMainMenu.m */; };
		6715454E1744ABC4000E767B /* TestMainMenu.xib in Resources */ = {isa = PBXBuildFile; fileRef = 6715454C1744ABC4000E767B /* TestMainMenu.xib */; };
		67171C1F174B566600B20F2A /* PerformBlockAfterDelay.m in Sources */ = {isa = PBXBuildFile; fileRef = 67171C1E174B566600B20F2A /* PerformBlockAfterDelay.m */; };
		67286510174FC91F003B1A65 /* Vec3.m in Sources */ = {isa = PBXBuildFile; fileRef = 6728650F174FC91F003B1A65 /* Vec3.m */; };
		67286513174FC92B003B1A65 /* Quat.m in Sources */ = {isa = PBXBuildFile; fileRef = 67286512174FC92B003B1A65 /* Quat.m */; };
		6732D51817515D5A00B39912 /* SceneManager.m in Sources */ = {isa = PBXBuildFile; fileRef = 6732D51717515D5A00B39912 /* SceneManager.m */; };
		6732D51B17515D9C00B39912 /* Scene.m in Sources */ = {isa = PBXBuildFile; fileRef = 6732D51A17515D9C00B39912 /* Scene.m */; };
		6732D51E17515DAC00B39912 /* Node.m in Sources */ = {isa = PBXBuildFile; fileRef = 6732D51D17515DAC00B39912 /* Node.m */; };
		6732D52117515DC300B39912 /* SceneNode.m in Sources */ = {isa = PBXBuildFile; fileRef = 6732D52017515DC300B39912 /* SceneNode.m */; };
		6732D525175166AA00B39912 /* Mat4.m in Sources */ = {isa = PBXBuildFile; fileRef = 6732D524175166AA00B39912 /* Mat4.m */; };
		6736AEE1174E723D006FA778 /* RenderManager.m in Sources */ = {isa = PBXBuildFile; fileRef = 6736AEE0174E723D006FA778 /* RenderManager.m */; };
		6736AEEB174E7536006FA778 /* OpenGLES.framework in Frameworks */ = {isa = PBXBuildFile; fileRef = 6736AEEA174E7536006FA778 /* OpenGLES.framework */; };
		675150C7175DB5EB00A1C439 /* GraphicsBase.m in Sources */ = {isa = PBXBuildFile; fileRef = 675150C6175DB51300A1C439 /* GraphicsBase.m */; };
		6787808C175C6A2B0014B5E4 /* Material.m in Sources */ = {isa = PBXBuildFile; fileRef = 6787808B175C6A2B0014B5E4 /* Material.m */; };
		678CC0341758EE320094CC98 /* PrimitiveData.m in Sources */ = {isa = PBXBuildFile; fileRef = 678CC0331758EE310094CC98 /* PrimitiveData.m */; };
		6797717E175488D40013FB6E /* GLKit.framework in Frameworks */ = {isa = PBXBuildFile; fileRef = 6797717D175488D40013FB6E /* GLKit.framework */; };
		67977181175505460013FB6E /* RenderResourceManager.m in Sources */ = {isa = PBXBuildFile; fileRef = 67977180175505460013FB6E /* RenderResourceManager.m */; };
		67977184175505C20013FB6E /* Shader.m in Sources */ = {isa = PBXBuildFile; fileRef = 67977183175505C20013FB6E /* Shader.m */; };
		67B7A6931752A2600040362A /* Renderable.m in Sources */ = {isa = PBXBuildFile; fileRef = 67B7A6921752A2600040362A /* Renderable.m */; };
		67B7A6961752A2720040362A /* Model.m in Sources */ = {isa = PBXBuildFile; fileRef = 67B7A6951752A2720040362A /* Model.m */; };
		67B7A69C1752A2890040362A /* Light.m in Sources */ = {isa = PBXBuildFile; fileRef = 67B7A69B1752A2890040362A /* Light.m */; };
		67B7A69F1752A2940040362A /* Camera.m in Sources */ = {isa = PBXBuildFile; fileRef = 67B7A69E1752A2940040362A /* Camera.m */; };
		67B7A6A21752A2A90040362A /* Mesh.m in Sources */ = {isa = PBXBuildFile; fileRef = 67B7A6A11752A2A90040362A /* Mesh.m */; };
		67B7A6A51752A2B40040362A /* RenderResource.m in Sources */ = {isa = PBXBuildFile; fileRef = 67B7A6A41752A2B40040362A /* RenderResource.m */; };
		67B7A6A81752C1E70040362A /* RenderableSpec.m in Sources */ = {isa = PBXBuildFile; fileRef = 67B7A6A71752C1E70040362A /* RenderableSpec.m */; };
		67B7A6AB1752C25A0040362A /* LightSpec.m in Sources */ = {isa = PBXBuildFile; fileRef = 67B7A6AA1752C25A0040362A /* LightSpec.m */; };
		67B7A6AE1752C26B0040362A /* CameraSpec.m in Sources */ = {isa = PBXBuildFile; fileRef = 67B7A6AD1752C26B0040362A /* CameraSpec.m */; };
		67B7A6B41752C30B0040362A /* LightComponent.m in Sources */ = {isa = PBXBuildFile; fileRef = 67B7A6B31752C30B0040362A /* LightComponent.m */; };
		67B7A6B71752C31C0040362A /* CameraComponent.m in Sources */ = {isa = PBXBuildFile; fileRef = 67B7A6B61752C31C0040362A /* CameraComponent.m */; };
		67B7A6BA1752C3370040362A /* RenderableComponent.m in Sources */ = {isa = PBXBuildFile; fileRef = 67B7A6B91752C3370040362A /* RenderableComponent.m */; };
		67B7A6BD1752C3450040362A /* NodeComponent.m in Sources */ = {isa = PBXBuildFile; fileRef = 67B7A6BC1752C3450040362A /* NodeComponent.m */; };
		67B7A6C51752C5660040362A /* GameSceneManager.m in Sources */ = {isa = PBXBuildFile; fileRef = 67B7A6C41752C5660040362A /* GameSceneManager.m */; };
		67B7A6C81752C5E20040362A /* NodeSpec.m in Sources */ = {isa = PBXBuildFile; fileRef = 67B7A6C71752C5E20040362A /* NodeSpec.m */; };
		67B7A6CC1752CE0E0040362A /* Movable.m in Sources */ = {isa = PBXBuildFile; fileRef = 67B7A6CB1752CE0D0040362A /* Movable.m */; };
		67B7A6D0175348A30040362A /* DefrostManager.m in Sources */ = {isa = PBXBuildFile; fileRef = 67B7A6CF175348A30040362A /* DefrostManager.m */; };
		67B7A6D317534DA20040362A /* Color.m in Sources */ = {isa = PBXBuildFile; fileRef = 67B7A6D217534DA10040362A /* Color.m */; };
		67C731F61750714500F1BA07 /* TestingManager.m in Sources */ = {isa = PBXBuildFile; fileRef = 67C731F51750714500F1BA07 /* TestingManager.m */; };
		67C731F91750715400F1BA07 /* TestCase.m in Sources */ = {isa = PBXBuildFile; fileRef = 67C731F81750715400F1BA07 /* TestCase.m */; };
		67C731FC1750715D00F1BA07 /* TestComponents.m in Sources */ = {isa = PBXBuildFile; fileRef = 67C731FB1750715D00F1BA07 /* TestComponents.m */; };
		67C731FF1750716800F1BA07 /* TestSpec.m in Sources */ = {isa = PBXBuildFile; fileRef = 67C731FE1750716800F1BA07 /* TestSpec.m */; };
		67C732021750755F00F1BA07 /* MathTesting.m in Sources */ = {isa = PBXBuildFile; fileRef = 67C732011750755F00F1BA07 /* MathTesting.m */; };
		67C732041750939400F1BA07 /* MathValidation.m in Sources */ = {isa = PBXBuildFile; fileRef = 67C732031750939400F1BA07 /* MathValidation.m */; };
		67CCECE61743EAC400AE8940 /* UIKit.framework in Frameworks */ = {isa = PBXBuildFile; fileRef = 67CCECE51743EAC400AE8940 /* UIKit.framework */; };
		67CCECE81743EAC400AE8940 /* Foundation.framework in Frameworks */ = {isa = PBXBuildFile; fileRef = 67CCECE71743EAC400AE8940 /* Foundation.framework */; };
		67CCECEA1743EAC400AE8940 /* CoreGraphics.framework in Frameworks */ = {isa = PBXBuildFile; fileRef = 67CCECE91743EAC400AE8940 /* CoreGraphics.framework */; };
		67CCED0F1743EB8F00AE8940 /* Default-568h@2x.png in Resources */ = {isa = PBXBuildFile; fileRef = 67CCED091743EB8F00AE8940 /* Default-568h@2x.png */; };
		67CCED101743EB8F00AE8940 /* Default.png in Resources */ = {isa = PBXBuildFile; fileRef = 67CCED0A1743EB8F00AE8940 /* Default.png */; };
		67CCED111743EB8F00AE8940 /* Default@2x.png in Resources */ = {isa = PBXBuildFile; fileRef = 67CCED0B1743EB8F00AE8940 /* Default@2x.png */; };
		67CCED121743EB8F00AE8940 /* main.m in Sources */ = {isa = PBXBuildFile; fileRef = 67CCED0C1743EB8F00AE8940 /* main.m */; };
		67CCED131743EB8F00AE8940 /* TowerIsles-Info.plist in Resources */ = {isa = PBXBuildFile; fileRef = 67CCED0D1743EB8F00AE8940 /* TowerIsles-Info.plist */; };
		67CCED161743EB9900AE8940 /* InfoPlist.strings in Resources */ = {isa = PBXBuildFile; fileRef = 67CCED141743EB9900AE8940 /* InfoPlist.strings */; };
		67CCED3A1743EBA700AE8940 /* GameAppDelegate.m in Sources */ = {isa = PBXBuildFile; fileRef = 67CCED1A1743EBA700AE8940 /* GameAppDelegate.m */; };
		67CCED3B1743EBA700AE8940 /* GameViewDirector.m in Sources */ = {isa = PBXBuildFile; fileRef = 67CCED1C1743EBA700AE8940 /* GameViewDirector.m */; };
		67CCED3C1743EBA700AE8940 /* GameViewDirector.xib in Resources */ = {isa = PBXBuildFile; fileRef = 67CCED1D1743EBA700AE8940 /* GameViewDirector.xib */; };
		67CCED3D1743EBA700AE8940 /* MainWindow.xib in Resources */ = {isa = PBXBuildFile; fileRef = 67CCED1E1743EBA700AE8940 /* MainWindow.xib */; };
		67CCED3E1743EBA700AE8940 /* LoadingManager.m in Sources */ = {isa = PBXBuildFile; fileRef = 67CCED231743EBA700AE8940 /* LoadingManager.m */; };
		67CCED3F1743EBA700AE8940 /* MenuManager.m in Sources */ = {isa = PBXBuildFile; fileRef = 67CCED261743EBA700AE8940 /* MenuManager.m */; };
		67CCED401743EBA700AE8940 /* OfflineManager.m in Sources */ = {isa = PBXBuildFile; fileRef = 67CCED291743EBA700AE8940 /* OfflineManager.m */; };
		67CCED411743EBA700AE8940 /* PlayerManager.m in Sources */ = {isa = PBXBuildFile; fileRef = 67CCED2C1743EBA700AE8940 /* PlayerManager.m */; };
		67CCED421743EBA700AE8940 /* LoginResponse.m in Sources */ = {isa = PBXBuildFile; fileRef = 67CCED301743EBA700AE8940 /* LoginResponse.m */; };
		67CCED431743EBA700AE8940 /* PlayerData.m in Sources */ = {isa = PBXBuildFile; fileRef = 67CCED331743EBA700AE8940 /* PlayerData.m */; };
		67CCED441743EBA700AE8940 /* PlayerService.m in Sources */ = {isa = PBXBuildFile; fileRef = 67CCED381743EBA700AE8940 /* PlayerService.m */; };
		67CCED6D1743EBB400AE8940 /* AppDirector.m in Sources */ = {isa = PBXBuildFile; fileRef = 67CCED4A1743EBB400AE8940 /* AppDirector.m */; };
		67CCED6E1743EBB400AE8940 /* NSObject+Object.m in Sources */ = {isa = PBXBuildFile; fileRef = 67CCED4F1743EBB400AE8940 /* NSObject+Object.m */; };
		67CCED6F1743EBB400AE8940 /* NSObject+Serialization.m in Sources */ = {isa = PBXBuildFile; fileRef = 67CCED511743EBB400AE8940 /* NSObject+Serialization.m */; };
		67CCED701743EBB400AE8940 /* Utilities.m in Sources */ = {isa = PBXBuildFile; fileRef = 67CCED531743EBB400AE8940 /* Utilities.m */; };
		67CCED711743EBB400AE8940 /* ResourceManager.m in Sources */ = {isa = PBXBuildFile; fileRef = 67CCED571743EBB400AE8940 /* ResourceManager.m */; };
		67CCED721743EBB400AE8940 /* ViewManager.m in Sources */ = {isa = PBXBuildFile; fileRef = 67CCED591743EBB400AE8940 /* ViewManager.m */; };
		67CCED731743EBB400AE8940 /* JSONKit.m in Sources */ = {isa = PBXBuildFile; fileRef = 67CCED5C1743EBB400AE8940 /* JSONKit.m */; };
		67CCED741743EBB400AE8940 /* Manager.m in Sources */ = {isa = PBXBuildFile; fileRef = 67CCED5F1743EBB400AE8940 /* Manager.m */; };
		67CCED751743EBB400AE8940 /* Service.m in Sources */ = {isa = PBXBuildFile; fileRef = 67CCED621743EBB400AE8940 /* Service.m */; };
		67CCED761743EBB400AE8940 /* ManagedScrollView.m in Sources */ = {isa = PBXBuildFile; fileRef = 67CCED651743EBB400AE8940 /* ManagedScrollView.m */; };
		67CCED771743EBB400AE8940 /* ManagedView.m in Sources */ = {isa = PBXBuildFile; fileRef = 67CCED671743EBB400AE8940 /* ManagedView.m */; };
		67CCED781743EBB400AE8940 /* PassthroughView.m in Sources */ = {isa = PBXBuildFile; fileRef = 67CCED691743EBB400AE8940 /* PassthroughView.m */; };
		67CCED791743EBB400AE8940 /* ViewLayer.m in Sources */ = {isa = PBXBuildFile; fileRef = 67CCED6B1743EBB400AE8940 /* ViewLayer.m */; };
		67E04D5A17453A5700B3FCFC /* Entity.m in Sources */ = {isa = PBXBuildFile; fileRef = 67E04D5917453A5700B3FCFC /* Entity.m */; };
		67E04D5D17453B0400B3FCFC /* EntityManager.m in Sources */ = {isa = PBXBuildFile; fileRef = 67E04D5C17453B0400B3FCFC /* EntityManager.m */; };
		67E04D6017453BA800B3FCFC /* EntityConfig.m in Sources */ = {isa = PBXBuildFile; fileRef = 67E04D5F17453BA800B3FCFC /* EntityConfig.m */; };
		67E04D6317453C4D00B3FCFC /* Component.m in Sources */ = {isa = PBXBuildFile; fileRef = 67E04D6217453C4D00B3FCFC /* Component.m */; };
		67E04D6F1745427800B3FCFC /* DisplayInformation.m in Sources */ = {isa = PBXBuildFile; fileRef = 67E04D6E1745427800B3FCFC /* DisplayInformation.m */; };
		67E04D721745429100B3FCFC /* Identifier.m in Sources */ = {isa = PBXBuildFile; fileRef = 67E04D711745429100B3FCFC /* Identifier.m */; };
		67E04D7D17460C9E00B3FCFC /* EntitySpec.m in Sources */ = {isa = PBXBuildFile; fileRef = 67E04D7C17460C9E00B3FCFC /* EntitySpec.m */; };
		67E04D8A174746FF00B3FCFC /* bundle in Resources */ = {isa = PBXBuildFile; fileRef = 67E04D89174746FE00B3FCFC /* bundle */; };
		67FC55151760536100A72D9C /* TouchManager.m in Sources */ = {isa = PBXBuildFile; fileRef = 67FC55141760536100A72D9C /* TouchManager.m */; };
		67FC55191760E6F000A72D9C /* TouchChannel.m in Sources */ = {isa = PBXBuildFile; fileRef = 67FC55181760E6F000A72D9C /* TouchChannel.m */; };
		67FC551C1760EB2A00A72D9C /* TouchGesture.m in Sources */ = {isa = PBXBuildFile; fileRef = 67FC551B1760EB2A00A72D9C /* TouchGesture.m */; };
		67FF24E2174C60CB008EE9A2 /* ServerTimeManager.m in Sources */ = {isa = PBXBuildFile; fileRef = 67FF24E1174C60CB008EE9A2 /* ServerTimeManager.m */; };
		67FF24E4174C7F2E008EE9A2 /* QuartzCore.framework in Frameworks */ = {isa = PBXBuildFile; fileRef = 67FF24E3174C7F2E008EE9A2 /* QuartzCore.framework */; };
		67FF24EE174CB373008EE9A2 /* FrameTimeManager.m in Sources */ = {isa = PBXBuildFile; fileRef = 67FF24ED174CB373008EE9A2 /* FrameTimeManager.m */; };
		67FF24F2174CB5F0008EE9A2 /* FPSCounter.m in Sources */ = {isa = PBXBuildFile; fileRef = 67FF24F0174CB5F0008EE9A2 /* FPSCounter.m */; };
		67FF24F3174CB5F0008EE9A2 /* FPSCounter.xib in Resources */ = {isa = PBXBuildFile; fileRef = 67FF24F1174CB5F0008EE9A2 /* FPSCounter.xib */; };
		67FF24F6174CBD92008EE9A2 /* UpdateBlockAtInterval.m in Sources */ = {isa = PBXBuildFile; fileRef = 67FF24F5174CBD92008EE9A2 /* UpdateBlockAtInterval.m */; };
/* End PBXBuildFile section */

/* Begin PBXFileReference section */
		6715454A1744ABC4000E767B /* TestMainMenu.h */ = {isa = PBXFileReference; fileEncoding = 4; lastKnownFileType = sourcecode.c.h; name = TestMainMenu.h; path = TestMainMenu/TestMainMenu.h; sourceTree = "<group>"; };
		6715454B1744ABC4000E767B /* TestMainMenu.m */ = {isa = PBXFileReference; fileEncoding = 4; lastKnownFileType = sourcecode.c.objc; name = TestMainMenu.m; path = TestMainMenu/TestMainMenu.m; sourceTree = "<group>"; };
		6715454C1744ABC4000E767B /* TestMainMenu.xib */ = {isa = PBXFileReference; fileEncoding = 4; lastKnownFileType = file.xib; name = TestMainMenu.xib; path = TestMainMenu/TestMainMenu.xib; sourceTree = "<group>"; };
		67171C1D174B547500B20F2A /* PerformBlockAfterDelay.h */ = {isa = PBXFileReference; fileEncoding = 4; lastKnownFileType = sourcecode.c.h; path = PerformBlockAfterDelay.h; sourceTree = "<group>"; };
		67171C1E174B566600B20F2A /* PerformBlockAfterDelay.m */ = {isa = PBXFileReference; fileEncoding = 4; lastKnownFileType = sourcecode.c.objc; path = PerformBlockAfterDelay.m; sourceTree = "<group>"; };
		6728650E174FC91F003B1A65 /* Vec3.h */ = {isa = PBXFileReference; fileEncoding = 4; lastKnownFileType = sourcecode.c.h; name = Vec3.h; path = math/Vec3.h; sourceTree = "<group>"; };
		6728650F174FC91F003B1A65 /* Vec3.m */ = {isa = PBXFileReference; fileEncoding = 4; lastKnownFileType = sourcecode.c.objc; name = Vec3.m; path = math/Vec3.m; sourceTree = "<group>"; };
		67286511174FC92B003B1A65 /* Quat.h */ = {isa = PBXFileReference; fileEncoding = 4; lastKnownFileType = sourcecode.c.h; name = Quat.h; path = math/Quat.h; sourceTree = "<group>"; };
		67286512174FC92B003B1A65 /* Quat.m */ = {isa = PBXFileReference; fileEncoding = 4; lastKnownFileType = sourcecode.c.objc; name = Quat.m; path = math/Quat.m; sourceTree = "<group>"; };
		6732D51617515D5A00B39912 /* SceneManager.h */ = {isa = PBXFileReference; fileEncoding = 4; lastKnownFileType = sourcecode.c.h; name = SceneManager.h; path = graphics/managers/SceneManager.h; sourceTree = "<group>"; };
		6732D51717515D5A00B39912 /* SceneManager.m */ = {isa = PBXFileReference; fileEncoding = 4; lastKnownFileType = sourcecode.c.objc; name = SceneManager.m; path = graphics/managers/SceneManager.m; sourceTree = "<group>"; };
		6732D51917515D9C00B39912 /* Scene.h */ = {isa = PBXFileReference; fileEncoding = 4; lastKnownFileType = sourcecode.c.h; name = Scene.h; path = graphics/objects/Scene.h; sourceTree = "<group>"; };
		6732D51A17515D9C00B39912 /* Scene.m */ = {isa = PBXFileReference; fileEncoding = 4; lastKnownFileType = sourcecode.c.objc; name = Scene.m; path = graphics/objects/Scene.m; sourceTree = "<group>"; };
		6732D51C17515DAC00B39912 /* Node.h */ = {isa = PBXFileReference; fileEncoding = 4; lastKnownFileType = sourcecode.c.h; name = Node.h; path = graphics/objects/Node.h; sourceTree = "<group>"; };
		6732D51D17515DAC00B39912 /* Node.m */ = {isa = PBXFileReference; fileEncoding = 4; lastKnownFileType = sourcecode.c.objc; name = Node.m; path = graphics/objects/Node.m; sourceTree = "<group>"; };
		6732D51F17515DC300B39912 /* SceneNode.h */ = {isa = PBXFileReference; fileEncoding = 4; lastKnownFileType = sourcecode.c.h; name = SceneNode.h; path = graphics/objects/SceneNode.h; sourceTree = "<group>"; };
		6732D52017515DC300B39912 /* SceneNode.m */ = {isa = PBXFileReference; fileEncoding = 4; lastKnownFileType = sourcecode.c.objc; name = SceneNode.m; path = graphics/objects/SceneNode.m; sourceTree = "<group>"; };
		6732D52217515E4100B39912 /* GraphicsBase.h */ = {isa = PBXFileReference; fileEncoding = 4; lastKnownFileType = sourcecode.c.h; name = GraphicsBase.h; path = graphics/base/GraphicsBase.h; sourceTree = "<group>"; };
		6732D523175166AA00B39912 /* Mat4.h */ = {isa = PBXFileReference; fileEncoding = 4; lastKnownFileType = sourcecode.c.h; name = Mat4.h; path = math/Mat4.h; sourceTree = "<group>"; };
		6732D524175166AA00B39912 /* Mat4.m */ = {isa = PBXFileReference; fileEncoding = 4; lastKnownFileType = sourcecode.c.objc; name = Mat4.m; path = math/Mat4.m; sourceTree = "<group>"; };
		6736AEDF174E723D006FA778 /* RenderManager.h */ = {isa = PBXFileReference; fileEncoding = 4; lastKnownFileType = sourcecode.c.h; name = RenderManager.h; path = graphics/managers/RenderManager.h; sourceTree = "<group>"; };
		6736AEE0174E723D006FA778 /* RenderManager.m */ = {isa = PBXFileReference; fileEncoding = 4; lastKnownFileType = sourcecode.c.objc; name = RenderManager.m; path = graphics/managers/RenderManager.m; sourceTree = "<group>"; };
		6736AEEA174E7536006FA778 /* OpenGLES.framework */ = {isa = PBXFileReference; lastKnownFileType = wrapper.framework; name = OpenGLES.framework; path = System/Library/Frameworks/OpenGLES.framework; sourceTree = SDKROOT; };
		675150C6175DB51300A1C439 /* GraphicsBase.m */ = {isa = PBXFileReference; fileEncoding = 4; lastKnownFileType = sourcecode.c.objc; name = GraphicsBase.m; path = graphics/base/GraphicsBase.m; sourceTree = "<group>"; };
		6787808A175C6A2B0014B5E4 /* Material.h */ = {isa = PBXFileReference; fileEncoding = 4; lastKnownFileType = sourcecode.c.h; name = Material.h; path = graphics/objects/Material.h; sourceTree = "<group>"; };
		6787808B175C6A2B0014B5E4 /* Material.m */ = {isa = PBXFileReference; fileEncoding = 4; lastKnownFileType = sourcecode.c.objc; name = Material.m; path = graphics/objects/Material.m; sourceTree = "<group>"; };
		678CC0321758EE310094CC98 /* PrimitiveData.h */ = {isa = PBXFileReference; fileEncoding = 4; lastKnownFileType = sourcecode.c.h; name = PrimitiveData.h; path = graphics/objects/PrimitiveData.h; sourceTree = "<group>"; };
		678CC0331758EE310094CC98 /* PrimitiveData.m */ = {isa = PBXFileReference; fileEncoding = 4; lastKnownFileType = sourcecode.c.objc; name = PrimitiveData.m; path = graphics/objects/PrimitiveData.m; sourceTree = "<group>"; };
		6797717D175488D40013FB6E /* GLKit.framework */ = {isa = PBXFileReference; lastKnownFileType = wrapper.framework; name = GLKit.framework; path = System/Library/Frameworks/GLKit.framework; sourceTree = SDKROOT; };
		6797717F175505460013FB6E /* RenderResourceManager.h */ = {isa = PBXFileReference; fileEncoding = 4; lastKnownFileType = sourcecode.c.h; name = RenderResourceManager.h; path = graphics/managers/RenderResourceManager.h; sourceTree = "<group>"; };
		67977180175505460013FB6E /* RenderResourceManager.m */ = {isa = PBXFileReference; fileEncoding = 4; lastKnownFileType = sourcecode.c.objc; name = RenderResourceManager.m; path = graphics/managers/RenderResourceManager.m; sourceTree = "<group>"; };
		67977182175505C20013FB6E /* Shader.h */ = {isa = PBXFileReference; fileEncoding = 4; lastKnownFileType = sourcecode.c.h; name = Shader.h; path = graphics/objects/Shader.h; sourceTree = "<group>"; };
		67977183175505C20013FB6E /* Shader.m */ = {isa = PBXFileReference; fileEncoding = 4; lastKnownFileType = sourcecode.c.objc; name = Shader.m; path = graphics/objects/Shader.m; sourceTree = "<group>"; };
		67B7A6911752A2600040362A /* Renderable.h */ = {isa = PBXFileReference; fileEncoding = 4; lastKnownFileType = sourcecode.c.h; name = Renderable.h; path = graphics/objects/Renderable.h; sourceTree = "<group>"; };
		67B7A6921752A2600040362A /* Renderable.m */ = {isa = PBXFileReference; fileEncoding = 4; lastKnownFileType = sourcecode.c.objc; name = Renderable.m; path = graphics/objects/Renderable.m; sourceTree = "<group>"; };
		67B7A6941752A2720040362A /* Model.h */ = {isa = PBXFileReference; fileEncoding = 4; lastKnownFileType = sourcecode.c.h; name = Model.h; path = graphics/objects/Model.h; sourceTree = "<group>"; };
		67B7A6951752A2720040362A /* Model.m */ = {isa = PBXFileReference; fileEncoding = 4; lastKnownFileType = sourcecode.c.objc; name = Model.m; path = graphics/objects/Model.m; sourceTree = "<group>"; };
		67B7A69A1752A2880040362A /* Light.h */ = {isa = PBXFileReference; fileEncoding = 4; lastKnownFileType = sourcecode.c.h; name = Light.h; path = graphics/objects/Light.h; sourceTree = "<group>"; };
		67B7A69B1752A2890040362A /* Light.m */ = {isa = PBXFileReference; fileEncoding = 4; lastKnownFileType = sourcecode.c.objc; name = Light.m; path = graphics/objects/Light.m; sourceTree = "<group>"; };
		67B7A69D1752A2940040362A /* Camera.h */ = {isa = PBXFileReference; fileEncoding = 4; lastKnownFileType = sourcecode.c.h; name = Camera.h; path = graphics/objects/Camera.h; sourceTree = "<group>"; };
		67B7A69E1752A2940040362A /* Camera.m */ = {isa = PBXFileReference; fileEncoding = 4; lastKnownFileType = sourcecode.c.objc; name = Camera.m; path = graphics/objects/Camera.m; sourceTree = "<group>"; };
		67B7A6A01752A2A90040362A /* Mesh.h */ = {isa = PBXFileReference; fileEncoding = 4; lastKnownFileType = sourcecode.c.h; name = Mesh.h; path = graphics/objects/Mesh.h; sourceTree = "<group>"; };
		67B7A6A11752A2A90040362A /* Mesh.m */ = {isa = PBXFileReference; fileEncoding = 4; lastKnownFileType = sourcecode.c.objc; name = Mesh.m; path = graphics/objects/Mesh.m; sourceTree = "<group>"; };
		67B7A6A31752A2B40040362A /* RenderResource.h */ = {isa = PBXFileReference; fileEncoding = 4; lastKnownFileType = sourcecode.c.h; name = RenderResource.h; path = graphics/objects/RenderResource.h; sourceTree = "<group>"; };
		67B7A6A41752A2B40040362A /* RenderResource.m */ = {isa = PBXFileReference; fileEncoding = 4; lastKnownFileType = sourcecode.c.objc; name = RenderResource.m; path = graphics/objects/RenderResource.m; sourceTree = "<group>"; };
		67B7A6A61752C1E70040362A /* RenderableSpec.h */ = {isa = PBXFileReference; fileEncoding = 4; lastKnownFileType = sourcecode.c.h; name = RenderableSpec.h; path = game/code/entitySpecs/RenderableSpec.h; sourceTree = SOURCE_ROOT; };
		67B7A6A71752C1E70040362A /* RenderableSpec.m */ = {isa = PBXFileReference; fileEncoding = 4; lastKnownFileType = sourcecode.c.objc; name = RenderableSpec.m; path = game/code/entitySpecs/RenderableSpec.m; sourceTree = SOURCE_ROOT; };
		67B7A6A91752C25A0040362A /* LightSpec.h */ = {isa = PBXFileReference; fileEncoding = 4; lastKnownFileType = sourcecode.c.h; name = LightSpec.h; path = game/code/entitySpecs/LightSpec.h; sourceTree = SOURCE_ROOT; };
		67B7A6AA1752C25A0040362A /* LightSpec.m */ = {isa = PBXFileReference; fileEncoding = 4; lastKnownFileType = sourcecode.c.objc; name = LightSpec.m; path = game/code/entitySpecs/LightSpec.m; sourceTree = SOURCE_ROOT; };
		67B7A6AC1752C26B0040362A /* CameraSpec.h */ = {isa = PBXFileReference; fileEncoding = 4; lastKnownFileType = sourcecode.c.h; name = CameraSpec.h; path = game/code/entitySpecs/CameraSpec.h; sourceTree = SOURCE_ROOT; };
		67B7A6AD1752C26B0040362A /* CameraSpec.m */ = {isa = PBXFileReference; fileEncoding = 4; lastKnownFileType = sourcecode.c.objc; name = CameraSpec.m; path = game/code/entitySpecs/CameraSpec.m; sourceTree = SOURCE_ROOT; };
		67B7A6B21752C30B0040362A /* LightComponent.h */ = {isa = PBXFileReference; fileEncoding = 4; lastKnownFileType = sourcecode.c.h; name = LightComponent.h; path = game/code/components/LightComponent.h; sourceTree = SOURCE_ROOT; };
		67B7A6B31752C30B0040362A /* LightComponent.m */ = {isa = PBXFileReference; fileEncoding = 4; lastKnownFileType = sourcecode.c.objc; name = LightComponent.m; path = game/code/components/LightComponent.m; sourceTree = SOURCE_ROOT; };
		67B7A6B51752C31C0040362A /* CameraComponent.h */ = {isa = PBXFileReference; fileEncoding = 4; lastKnownFileType = sourcecode.c.h; name = CameraComponent.h; path = game/code/components/CameraComponent.h; sourceTree = SOURCE_ROOT; };
		67B7A6B61752C31C0040362A /* CameraComponent.m */ = {isa = PBXFileReference; fileEncoding = 4; lastKnownFileType = sourcecode.c.objc; name = CameraComponent.m; path = game/code/components/CameraComponent.m; sourceTree = SOURCE_ROOT; };
		67B7A6B81752C3370040362A /* RenderableComponent.h */ = {isa = PBXFileReference; fileEncoding = 4; lastKnownFileType = sourcecode.c.h; name = RenderableComponent.h; path = game/code/components/RenderableComponent.h; sourceTree = SOURCE_ROOT; };
		67B7A6B91752C3370040362A /* RenderableComponent.m */ = {isa = PBXFileReference; fileEncoding = 4; lastKnownFileType = sourcecode.c.objc; name = RenderableComponent.m; path = game/code/components/RenderableComponent.m; sourceTree = SOURCE_ROOT; };
		67B7A6BB1752C3450040362A /* NodeComponent.h */ = {isa = PBXFileReference; fileEncoding = 4; lastKnownFileType = sourcecode.c.h; name = NodeComponent.h; path = game/code/components/NodeComponent.h; sourceTree = SOURCE_ROOT; };
		67B7A6BC1752C3450040362A /* NodeComponent.m */ = {isa = PBXFileReference; fileEncoding = 4; lastKnownFileType = sourcecode.c.objc; name = NodeComponent.m; path = game/code/components/NodeComponent.m; sourceTree = SOURCE_ROOT; };
		67B7A6C31752C5660040362A /* GameSceneManager.h */ = {isa = PBXFileReference; fileEncoding = 4; lastKnownFileType = sourcecode.c.h; name = GameSceneManager.h; path = game/code/managers/gameScene/GameSceneManager.h; sourceTree = SOURCE_ROOT; };
		67B7A6C41752C5660040362A /* GameSceneManager.m */ = {isa = PBXFileReference; fileEncoding = 4; lastKnownFileType = sourcecode.c.objc; name = GameSceneManager.m; path = game/code/managers/gameScene/GameSceneManager.m; sourceTree = SOURCE_ROOT; };
		67B7A6C61752C5E10040362A /* NodeSpec.h */ = {isa = PBXFileReference; fileEncoding = 4; lastKnownFileType = sourcecode.c.h; name = NodeSpec.h; path = game/code/entitySpecs/NodeSpec.h; sourceTree = SOURCE_ROOT; };
		67B7A6C71752C5E20040362A /* NodeSpec.m */ = {isa = PBXFileReference; fileEncoding = 4; lastKnownFileType = sourcecode.c.objc; name = NodeSpec.m; path = game/code/entitySpecs/NodeSpec.m; sourceTree = SOURCE_ROOT; };
		67B7A6C91752CD870040362A /* Graphics.h */ = {isa = PBXFileReference; fileEncoding = 4; lastKnownFileType = sourcecode.c.h; name = Graphics.h; path = graphics/Graphics.h; sourceTree = "<group>"; };
		67B7A6CA1752CE0C0040362A /* Movable.h */ = {isa = PBXFileReference; fileEncoding = 4; lastKnownFileType = sourcecode.c.h; name = Movable.h; path = graphics/objects/Movable.h; sourceTree = "<group>"; };
		67B7A6CB1752CE0D0040362A /* Movable.m */ = {isa = PBXFileReference; fileEncoding = 4; lastKnownFileType = sourcecode.c.objc; name = Movable.m; path = graphics/objects/Movable.m; sourceTree = "<group>"; };
		67B7A6CE175348A30040362A /* DefrostManager.h */ = {isa = PBXFileReference; fileEncoding = 4; lastKnownFileType = sourcecode.c.h; name = DefrostManager.h; path = game/code/managers/defrost/DefrostManager.h; sourceTree = SOURCE_ROOT; };
		67B7A6CF175348A30040362A /* DefrostManager.m */ = {isa = PBXFileReference; fileEncoding = 4; lastKnownFileType = sourcecode.c.objc; name = DefrostManager.m; path = game/code/managers/defrost/DefrostManager.m; sourceTree = SOURCE_ROOT; };
		67B7A6D117534D9F0040362A /* Color.h */ = {isa = PBXFileReference; fileEncoding = 4; lastKnownFileType = sourcecode.c.h; name = Color.h; path = graphics/objects/Color.h; sourceTree = "<group>"; };
		67B7A6D217534DA10040362A /* Color.m */ = {isa = PBXFileReference; fileEncoding = 4; lastKnownFileType = sourcecode.c.objc; name = Color.m; path = graphics/objects/Color.m; sourceTree = "<group>"; };
		67C731EA1750407000F1BA07 /* MathValidation.h */ = {isa = PBXFileReference; fileEncoding = 4; lastKnownFileType = sourcecode.c.h; name = MathValidation.h; path = math/MathValidation.h; sourceTree = "<group>"; };
		67C731F41750714500F1BA07 /* TestingManager.h */ = {isa = PBXFileReference; fileEncoding = 4; lastKnownFileType = sourcecode.c.h; name = TestingManager.h; path = game/code/testing/manager/TestingManager.h; sourceTree = SOURCE_ROOT; };
		67C731F51750714500F1BA07 /* TestingManager.m */ = {isa = PBXFileReference; fileEncoding = 4; lastKnownFileType = sourcecode.c.objc; name = TestingManager.m; path = game/code/testing/manager/TestingManager.m; sourceTree = SOURCE_ROOT; };
		67C731F71750715400F1BA07 /* TestCase.h */ = {isa = PBXFileReference; fileEncoding = 4; lastKnownFileType = sourcecode.c.h; name = TestCase.h; path = game/code/testing/testCases/TestCase.h; sourceTree = SOURCE_ROOT; };
		67C731F81750715400F1BA07 /* TestCase.m */ = {isa = PBXFileReference; fileEncoding = 4; lastKnownFileType = sourcecode.c.objc; name = TestCase.m; path = game/code/testing/testCases/TestCase.m; sourceTree = SOURCE_ROOT; };
		67C731FA1750715D00F1BA07 /* TestComponents.h */ = {isa = PBXFileReference; fileEncoding = 4; lastKnownFileType = sourcecode.c.h; name = TestComponents.h; path = game/code/testing/components/TestComponents.h; sourceTree = SOURCE_ROOT; };
		67C731FB1750715D00F1BA07 /* TestComponents.m */ = {isa = PBXFileReference; fileEncoding = 4; lastKnownFileType = sourcecode.c.objc; name = TestComponents.m; path = game/code/testing/components/TestComponents.m; sourceTree = SOURCE_ROOT; };
		67C731FD1750716800F1BA07 /* TestSpec.h */ = {isa = PBXFileReference; fileEncoding = 4; lastKnownFileType = sourcecode.c.h; name = TestSpec.h; path = game/code/testing/entitySpecs/TestSpec.h; sourceTree = SOURCE_ROOT; };
		67C731FE1750716800F1BA07 /* TestSpec.m */ = {isa = PBXFileReference; fileEncoding = 4; lastKnownFileType = sourcecode.c.objc; name = TestSpec.m; path = game/code/testing/entitySpecs/TestSpec.m; sourceTree = SOURCE_ROOT; };
		67C732001750755F00F1BA07 /* MathTesting.h */ = {isa = PBXFileReference; fileEncoding = 4; lastKnownFileType = sourcecode.c.h; name = MathTesting.h; path = game/code/testing/testCases/MathTesting.h; sourceTree = SOURCE_ROOT; };
		67C732011750755F00F1BA07 /* MathTesting.m */ = {isa = PBXFileReference; fileEncoding = 4; lastKnownFileType = sourcecode.c.objc; name = MathTesting.m; path = game/code/testing/testCases/MathTesting.m; sourceTree = SOURCE_ROOT; };
		67C732031750939400F1BA07 /* MathValidation.m */ = {isa = PBXFileReference; fileEncoding = 4; lastKnownFileType = sourcecode.c.objc; name = MathValidation.m; path = math/MathValidation.m; sourceTree = "<group>"; };
		67CCECE21743EAC400AE8940 /* TowerIsles.app */ = {isa = PBXFileReference; explicitFileType = wrapper.application; includeInIndex = 0; path = TowerIsles.app; sourceTree = BUILT_PRODUCTS_DIR; };
		67CCECE51743EAC400AE8940 /* UIKit.framework */ = {isa = PBXFileReference; lastKnownFileType = wrapper.framework; name = UIKit.framework; path = System/Library/Frameworks/UIKit.framework; sourceTree = SDKROOT; };
		67CCECE71743EAC400AE8940 /* Foundation.framework */ = {isa = PBXFileReference; lastKnownFileType = wrapper.framework; name = Foundation.framework; path = System/Library/Frameworks/Foundation.framework; sourceTree = SDKROOT; };
		67CCECE91743EAC400AE8940 /* CoreGraphics.framework */ = {isa = PBXFileReference; lastKnownFileType = wrapper.framework; name = CoreGraphics.framework; path = System/Library/Frameworks/CoreGraphics.framework; sourceTree = SDKROOT; };
		67CCED091743EB8F00AE8940 /* Default-568h@2x.png */ = {isa = PBXFileReference; lastKnownFileType = image.png; name = "Default-568h@2x.png"; path = "game/Default-568h@2x.png"; sourceTree = SOURCE_ROOT; };
		67CCED0A1743EB8F00AE8940 /* Default.png */ = {isa = PBXFileReference; lastKnownFileType = image.png; name = Default.png; path = game/Default.png; sourceTree = SOURCE_ROOT; };
		67CCED0B1743EB8F00AE8940 /* Default@2x.png */ = {isa = PBXFileReference; lastKnownFileType = image.png; name = "Default@2x.png"; path = "game/Default@2x.png"; sourceTree = SOURCE_ROOT; };
		67CCED0C1743EB8F00AE8940 /* main.m */ = {isa = PBXFileReference; fileEncoding = 4; lastKnownFileType = sourcecode.c.objc; name = main.m; path = game/main.m; sourceTree = SOURCE_ROOT; };
		67CCED0D1743EB8F00AE8940 /* TowerIsles-Info.plist */ = {isa = PBXFileReference; fileEncoding = 4; lastKnownFileType = text.plist.xml; name = "TowerIsles-Info.plist"; path = "game/TowerIsles-Info.plist"; sourceTree = SOURCE_ROOT; };
		67CCED0E1743EB8F00AE8940 /* TowerIsles-Prefix.pch */ = {isa = PBXFileReference; fileEncoding = 4; lastKnownFileType = sourcecode.c.h; name = "TowerIsles-Prefix.pch"; path = "game/TowerIsles-Prefix.pch"; sourceTree = SOURCE_ROOT; };
		67CCED151743EB9900AE8940 /* en */ = {isa = PBXFileReference; lastKnownFileType = text.plist.strings; name = en; path = game/en.lproj/InfoPlist.strings; sourceTree = SOURCE_ROOT; };
		67CCED191743EBA700AE8940 /* GameAppDelegate.h */ = {isa = PBXFileReference; fileEncoding = 4; lastKnownFileType = sourcecode.c.h; path = GameAppDelegate.h; sourceTree = "<group>"; };
		67CCED1A1743EBA700AE8940 /* GameAppDelegate.m */ = {isa = PBXFileReference; fileEncoding = 4; lastKnownFileType = sourcecode.c.objc; path = GameAppDelegate.m; sourceTree = "<group>"; };
		67CCED1B1743EBA700AE8940 /* GameViewDirector.h */ = {isa = PBXFileReference; fileEncoding = 4; lastKnownFileType = sourcecode.c.h; path = GameViewDirector.h; sourceTree = "<group>"; };
		67CCED1C1743EBA700AE8940 /* GameViewDirector.m */ = {isa = PBXFileReference; fileEncoding = 4; lastKnownFileType = sourcecode.c.objc; path = GameViewDirector.m; sourceTree = "<group>"; };
		67CCED1D1743EBA700AE8940 /* GameViewDirector.xib */ = {isa = PBXFileReference; fileEncoding = 4; lastKnownFileType = file.xib; path = GameViewDirector.xib; sourceTree = "<group>"; };
		67CCED1E1743EBA700AE8940 /* MainWindow.xib */ = {isa = PBXFileReference; fileEncoding = 4; lastKnownFileType = file.xib; path = MainWindow.xib; sourceTree = "<group>"; };
		67CCED1F1743EBA700AE8940 /* Game.h */ = {isa = PBXFileReference; fileEncoding = 4; lastKnownFileType = sourcecode.c.h; path = Game.h; sourceTree = "<group>"; };
		67CCED221743EBA700AE8940 /* LoadingManager.h */ = {isa = PBXFileReference; fileEncoding = 4; lastKnownFileType = sourcecode.c.h; path = LoadingManager.h; sourceTree = "<group>"; };
		67CCED231743EBA700AE8940 /* LoadingManager.m */ = {isa = PBXFileReference; fileEncoding = 4; lastKnownFileType = sourcecode.c.objc; path = LoadingManager.m; sourceTree = "<group>"; };
		67CCED251743EBA700AE8940 /* MenuManager.h */ = {isa = PBXFileReference; fileEncoding = 4; lastKnownFileType = sourcecode.c.h; path = MenuManager.h; sourceTree = "<group>"; };
		67CCED261743EBA700AE8940 /* MenuManager.m */ = {isa = PBXFileReference; fileEncoding = 4; lastKnownFileType = sourcecode.c.objc; path = MenuManager.m; sourceTree = "<group>"; };
		67CCED281743EBA700AE8940 /* OfflineManager.h */ = {isa = PBXFileReference; fileEncoding = 4; lastKnownFileType = sourcecode.c.h; path = OfflineManager.h; sourceTree = "<group>"; };
		67CCED291743EBA700AE8940 /* OfflineManager.m */ = {isa = PBXFileReference; fileEncoding = 4; lastKnownFileType = sourcecode.c.objc; path = OfflineManager.m; sourceTree = "<group>"; };
		67CCED2B1743EBA700AE8940 /* PlayerManager.h */ = {isa = PBXFileReference; fileEncoding = 4; lastKnownFileType = sourcecode.c.h; path = PlayerManager.h; sourceTree = "<group>"; };
		67CCED2C1743EBA700AE8940 /* PlayerManager.m */ = {isa = PBXFileReference; fileEncoding = 4; lastKnownFileType = sourcecode.c.objc; path = PlayerManager.m; sourceTree = "<group>"; };
		67CCED2F1743EBA700AE8940 /* LoginResponse.h */ = {isa = PBXFileReference; fileEncoding = 4; lastKnownFileType = sourcecode.c.h; path = LoginResponse.h; sourceTree = "<group>"; };
		67CCED301743EBA700AE8940 /* LoginResponse.m */ = {isa = PBXFileReference; fileEncoding = 4; lastKnownFileType = sourcecode.c.objc; path = LoginResponse.m; sourceTree = "<group>"; };
		67CCED321743EBA700AE8940 /* PlayerData.h */ = {isa = PBXFileReference; fileEncoding = 4; lastKnownFileType = sourcecode.c.h; path = PlayerData.h; sourceTree = "<group>"; };
		67CCED331743EBA700AE8940 /* PlayerData.m */ = {isa = PBXFileReference; fileEncoding = 4; lastKnownFileType = sourcecode.c.objc; path = PlayerData.m; sourceTree = "<group>"; };
		67CCED351743EBA700AE8940 /* GameService.h */ = {isa = PBXFileReference; fileEncoding = 4; lastKnownFileType = sourcecode.c.h; path = GameService.h; sourceTree = "<group>"; };
		67CCED371743EBA700AE8940 /* PlayerService.h */ = {isa = PBXFileReference; fileEncoding = 4; lastKnownFileType = sourcecode.c.h; path = PlayerService.h; sourceTree = "<group>"; };
		67CCED381743EBA700AE8940 /* PlayerService.m */ = {isa = PBXFileReference; fileEncoding = 4; lastKnownFileType = sourcecode.c.objc; path = PlayerService.m; sourceTree = "<group>"; };
		67CCED491743EBB400AE8940 /* AppDirector.h */ = {isa = PBXFileReference; fileEncoding = 4; lastKnownFileType = sourcecode.c.h; path = AppDirector.h; sourceTree = "<group>"; };
		67CCED4A1743EBB400AE8940 /* AppDirector.m */ = {isa = PBXFileReference; fileEncoding = 4; lastKnownFileType = sourcecode.c.objc; path = AppDirector.m; sourceTree = "<group>"; };
		67CCED4C1743EBB400AE8940 /* Asserts.h */ = {isa = PBXFileReference; fileEncoding = 4; lastKnownFileType = sourcecode.c.h; path = Asserts.h; sourceTree = "<group>"; };
		67CCED4D1743EBB400AE8940 /* Base.h */ = {isa = PBXFileReference; fileEncoding = 4; lastKnownFileType = sourcecode.c.h; path = Base.h; sourceTree = "<group>"; };
		67CCED4E1743EBB400AE8940 /* NSObject+Object.h */ = {isa = PBXFileReference; fileEncoding = 4; lastKnownFileType = sourcecode.c.h; path = "NSObject+Object.h"; sourceTree = "<group>"; };
		67CCED4F1743EBB400AE8940 /* NSObject+Object.m */ = {isa = PBXFileReference; fileEncoding = 4; lastKnownFileType = sourcecode.c.objc; path = "NSObject+Object.m"; sourceTree = "<group>"; };
		67CCED501743EBB400AE8940 /* NSObject+Serialization.h */ = {isa = PBXFileReference; fileEncoding = 4; lastKnownFileType = sourcecode.c.h; path = "NSObject+Serialization.h"; sourceTree = "<group>"; };
		67CCED511743EBB400AE8940 /* NSObject+Serialization.m */ = {isa = PBXFileReference; fileEncoding = 4; lastKnownFileType = sourcecode.c.objc; path = "NSObject+Serialization.m"; sourceTree = "<group>"; };
		67CCED521743EBB400AE8940 /* Utilities.h */ = {isa = PBXFileReference; fileEncoding = 4; lastKnownFileType = sourcecode.c.h; path = Utilities.h; sourceTree = "<group>"; };
		67CCED531743EBB400AE8940 /* Utilities.m */ = {isa = PBXFileReference; fileEncoding = 4; lastKnownFileType = sourcecode.c.objc; path = Utilities.m; sourceTree = "<group>"; };
		67CCED541743EBB400AE8940 /* Core.h */ = {isa = PBXFileReference; fileEncoding = 4; lastKnownFileType = sourcecode.c.h; path = Core.h; sourceTree = "<group>"; };
		67CCED561743EBB400AE8940 /* ResourceManager.h */ = {isa = PBXFileReference; fileEncoding = 4; lastKnownFileType = sourcecode.c.h; path = ResourceManager.h; sourceTree = "<group>"; };
		67CCED571743EBB400AE8940 /* ResourceManager.m */ = {isa = PBXFileReference; fileEncoding = 4; lastKnownFileType = sourcecode.c.objc; path = ResourceManager.m; sourceTree = "<group>"; };
		67CCED581743EBB400AE8940 /* ViewManager.h */ = {isa = PBXFileReference; fileEncoding = 4; lastKnownFileType = sourcecode.c.h; path = ViewManager.h; sourceTree = "<group>"; };
		67CCED591743EBB400AE8940 /* ViewManager.m */ = {isa = PBXFileReference; fileEncoding = 4; lastKnownFileType = sourcecode.c.objc; path = ViewManager.m; sourceTree = "<group>"; };
		67CCED5B1743EBB400AE8940 /* JSONKit.h */ = {isa = PBXFileReference; fileEncoding = 4; lastKnownFileType = sourcecode.c.h; path = JSONKit.h; sourceTree = "<group>"; };
		67CCED5C1743EBB400AE8940 /* JSONKit.m */ = {isa = PBXFileReference; fileEncoding = 4; lastKnownFileType = sourcecode.c.objc; path = JSONKit.m; sourceTree = "<group>"; };
		67CCED5E1743EBB400AE8940 /* Manager.h */ = {isa = PBXFileReference; fileEncoding = 4; lastKnownFileType = sourcecode.c.h; path = Manager.h; sourceTree = "<group>"; };
		67CCED5F1743EBB400AE8940 /* Manager.m */ = {isa = PBXFileReference; fileEncoding = 4; lastKnownFileType = sourcecode.c.objc; path = Manager.m; sourceTree = "<group>"; };
		67CCED611743EBB400AE8940 /* Service.h */ = {isa = PBXFileReference; fileEncoding = 4; lastKnownFileType = sourcecode.c.h; path = Service.h; sourceTree = "<group>"; };
		67CCED621743EBB400AE8940 /* Service.m */ = {isa = PBXFileReference; fileEncoding = 4; lastKnownFileType = sourcecode.c.objc; path = Service.m; sourceTree = "<group>"; };
		67CCED641743EBB400AE8940 /* ManagedScrollView.h */ = {isa = PBXFileReference; fileEncoding = 4; lastKnownFileType = sourcecode.c.h; path = ManagedScrollView.h; sourceTree = "<group>"; };
		67CCED651743EBB400AE8940 /* ManagedScrollView.m */ = {isa = PBXFileReference; fileEncoding = 4; lastKnownFileType = sourcecode.c.objc; path = ManagedScrollView.m; sourceTree = "<group>"; };
		67CCED661743EBB400AE8940 /* ManagedView.h */ = {isa = PBXFileReference; fileEncoding = 4; lastKnownFileType = sourcecode.c.h; path = ManagedView.h; sourceTree = "<group>"; };
		67CCED671743EBB400AE8940 /* ManagedView.m */ = {isa = PBXFileReference; fileEncoding = 4; lastKnownFileType = sourcecode.c.objc; path = ManagedView.m; sourceTree = "<group>"; };
		67CCED681743EBB400AE8940 /* PassthroughView.h */ = {isa = PBXFileReference; fileEncoding = 4; lastKnownFileType = sourcecode.c.h; path = PassthroughView.h; sourceTree = "<group>"; };
		67CCED691743EBB400AE8940 /* PassthroughView.m */ = {isa = PBXFileReference; fileEncoding = 4; lastKnownFileType = sourcecode.c.objc; path = PassthroughView.m; sourceTree = "<group>"; };
		67CCED6A1743EBB400AE8940 /* ViewLayer.h */ = {isa = PBXFileReference; fileEncoding = 4; lastKnownFileType = sourcecode.c.h; path = ViewLayer.h; sourceTree = "<group>"; };
		67CCED6B1743EBB400AE8940 /* ViewLayer.m */ = {isa = PBXFileReference; fileEncoding = 4; lastKnownFileType = sourcecode.c.objc; path = ViewLayer.m; sourceTree = "<group>"; };
		67E04D56174539E100B3FCFC /* GameEngine.h */ = {isa = PBXFileReference; fileEncoding = 4; lastKnownFileType = sourcecode.c.h; path = GameEngine.h; sourceTree = "<group>"; };
		67E04D5817453A5700B3FCFC /* Entity.h */ = {isa = PBXFileReference; fileEncoding = 4; lastKnownFileType = sourcecode.c.h; path = Entity.h; sourceTree = "<group>"; };
		67E04D5917453A5700B3FCFC /* Entity.m */ = {isa = PBXFileReference; fileEncoding = 4; lastKnownFileType = sourcecode.c.objc; path = Entity.m; sourceTree = "<group>"; };
		67E04D5B17453B0400B3FCFC /* EntityManager.h */ = {isa = PBXFileReference; fileEncoding = 4; lastKnownFileType = sourcecode.c.h; path = EntityManager.h; sourceTree = "<group>"; };
		67E04D5C17453B0400B3FCFC /* EntityManager.m */ = {isa = PBXFileReference; fileEncoding = 4; lastKnownFileType = sourcecode.c.objc; path = EntityManager.m; sourceTree = "<group>"; };
		67E04D5E17453BA800B3FCFC /* EntityConfig.h */ = {isa = PBXFileReference; fileEncoding = 4; lastKnownFileType = sourcecode.c.h; path = EntityConfig.h; sourceTree = "<group>"; };
		67E04D5F17453BA800B3FCFC /* EntityConfig.m */ = {isa = PBXFileReference; fileEncoding = 4; lastKnownFileType = sourcecode.c.objc; path = EntityConfig.m; sourceTree = "<group>"; };
		67E04D6117453C4D00B3FCFC /* Component.h */ = {isa = PBXFileReference; fileEncoding = 4; lastKnownFileType = sourcecode.c.h; path = Component.h; sourceTree = "<group>"; };
		67E04D6217453C4D00B3FCFC /* Component.m */ = {isa = PBXFileReference; fileEncoding = 4; lastKnownFileType = sourcecode.c.objc; path = Component.m; sourceTree = "<group>"; };
		67E04D6D1745427800B3FCFC /* DisplayInformation.h */ = {isa = PBXFileReference; fileEncoding = 4; lastKnownFileType = sourcecode.c.h; name = DisplayInformation.h; path = objects/DisplayInformation.h; sourceTree = "<group>"; };
		67E04D6E1745427800B3FCFC /* DisplayInformation.m */ = {isa = PBXFileReference; fileEncoding = 4; lastKnownFileType = sourcecode.c.objc; name = DisplayInformation.m; path = objects/DisplayInformation.m; sourceTree = "<group>"; };
		67E04D701745429100B3FCFC /* Identifier.h */ = {isa = PBXFileReference; fileEncoding = 4; lastKnownFileType = sourcecode.c.h; name = Identifier.h; path = objects/Identifier.h; sourceTree = "<group>"; };
		67E04D711745429100B3FCFC /* Identifier.m */ = {isa = PBXFileReference; fileEncoding = 4; lastKnownFileType = sourcecode.c.objc; name = Identifier.m; path = objects/Identifier.m; sourceTree = "<group>"; };
		67E04D7B17460C9E00B3FCFC /* EntitySpec.h */ = {isa = PBXFileReference; fileEncoding = 4; lastKnownFileType = sourcecode.c.h; path = EntitySpec.h; sourceTree = "<group>"; };
		67E04D7C17460C9E00B3FCFC /* EntitySpec.m */ = {isa = PBXFileReference; fileEncoding = 4; lastKnownFileType = sourcecode.c.objc; path = EntitySpec.m; sourceTree = "<group>"; };
		67E04D89174746FE00B3FCFC /* bundle */ = {isa = PBXFileReference; lastKnownFileType = folder; path = bundle; sourceTree = "<group>"; };
		67FC55131760536100A72D9C /* TouchManager.h */ = {isa = PBXFileReference; fileEncoding = 4; lastKnownFileType = sourcecode.c.h; path = TouchManager.h; sourceTree = "<group>"; };
		67FC55141760536100A72D9C /* TouchManager.m */ = {isa = PBXFileReference; fileEncoding = 4; lastKnownFileType = sourcecode.c.objc; path = TouchManager.m; sourceTree = "<group>"; };
		67FC55171760E6F000A72D9C /* TouchChannel.h */ = {isa = PBXFileReference; fileEncoding = 4; lastKnownFileType = sourcecode.c.h; name = TouchChannel.h; path = objects/TouchChannel.h; sourceTree = "<group>"; };
		67FC55181760E6F000A72D9C /* TouchChannel.m */ = {isa = PBXFileReference; fileEncoding = 4; lastKnownFileType = sourcecode.c.objc; name = TouchChannel.m; path = objects/TouchChannel.m; sourceTree = "<group>"; };
		67FC551A1760EB2A00A72D9C /* TouchGesture.h */ = {isa = PBXFileReference; fileEncoding = 4; lastKnownFileType = sourcecode.c.h; name = TouchGesture.h; path = objects/TouchGesture.h; sourceTree = "<group>"; };
		67FC551B1760EB2A00A72D9C /* TouchGesture.m */ = {isa = PBXFileReference; fileEncoding = 4; lastKnownFileType = sourcecode.c.objc; name = TouchGesture.m; path = objects/TouchGesture.m; sourceTree = "<group>"; };
		67FF24E0174C60CB008EE9A2 /* ServerTimeManager.h */ = {isa = PBXFileReference; fileEncoding = 4; lastKnownFileType = sourcecode.c.h; path = ServerTimeManager.h; sourceTree = "<group>"; };
		67FF24E1174C60CB008EE9A2 /* ServerTimeManager.m */ = {isa = PBXFileReference; fileEncoding = 4; lastKnownFileType = sourcecode.c.objc; path = ServerTimeManager.m; sourceTree = "<group>"; };
		67FF24E3174C7F2E008EE9A2 /* QuartzCore.framework */ = {isa = PBXFileReference; lastKnownFileType = wrapper.framework; name = QuartzCore.framework; path = System/Library/Frameworks/QuartzCore.framework; sourceTree = SDKROOT; };
		67FF24EC174CB373008EE9A2 /* FrameTimeManager.h */ = {isa = PBXFileReference; fileEncoding = 4; lastKnownFileType = sourcecode.c.h; path = FrameTimeManager.h; sourceTree = "<group>"; };
		67FF24ED174CB373008EE9A2 /* FrameTimeManager.m */ = {isa = PBXFileReference; fileEncoding = 4; lastKnownFileType = sourcecode.c.objc; path = FrameTimeManager.m; sourceTree = "<group>"; };
		67FF24EF174CB5F0008EE9A2 /* FPSCounter.h */ = {isa = PBXFileReference; fileEncoding = 4; lastKnownFileType = sourcecode.c.h; name = FPSCounter.h; path = UI/FPSCounter/FPSCounter.h; sourceTree = "<group>"; };
		67FF24F0174CB5F0008EE9A2 /* FPSCounter.m */ = {isa = PBXFileReference; fileEncoding = 4; lastKnownFileType = sourcecode.c.objc; name = FPSCounter.m; path = UI/FPSCounter/FPSCounter.m; sourceTree = "<group>"; };
		67FF24F1174CB5F0008EE9A2 /* FPSCounter.xib */ = {isa = PBXFileReference; fileEncoding = 4; lastKnownFileType = file.xib; name = FPSCounter.xib; path = UI/FPSCounter/FPSCounter.xib; sourceTree = "<group>"; };
		67FF24F4174CBD92008EE9A2 /* UpdateBlockAtInterval.h */ = {isa = PBXFileReference; fileEncoding = 4; lastKnownFileType = sourcecode.c.h; name = UpdateBlockAtInterval.h; path = objects/UpdateBlockAtInterval.h; sourceTree = "<group>"; };
		67FF24F5174CBD92008EE9A2 /* UpdateBlockAtInterval.m */ = {isa = PBXFileReference; fileEncoding = 4; lastKnownFileType = sourcecode.c.objc; name = UpdateBlockAtInterval.m; path = objects/UpdateBlockAtInterval.m; sourceTree = "<group>"; };
/* End PBXFileReference section */

/* Begin PBXFrameworksBuildPhase section */
		67CCECDF1743EAC400AE8940 /* Frameworks */ = {
			isa = PBXFrameworksBuildPhase;
			buildActionMask = 2147483647;
			files = (
				6797717E175488D40013FB6E /* GLKit.framework in Frameworks */,
				6736AEEB174E7536006FA778 /* OpenGLES.framework in Frameworks */,
				67FF24E4174C7F2E008EE9A2 /* QuartzCore.framework in Frameworks */,
				67CCECE61743EAC400AE8940 /* UIKit.framework in Frameworks */,
				67CCECE81743EAC400AE8940 /* Foundation.framework in Frameworks */,
				67CCECEA1743EAC400AE8940 /* CoreGraphics.framework in Frameworks */,
			);
			runOnlyForDeploymentPostprocessing = 0;
		};
/* End PBXFrameworksBuildPhase section */

/* Begin PBXGroup section */
		671545491744ABAA000E767B /* TestMainMenu */ = {
			isa = PBXGroup;
			children = (
				6715454A1744ABC4000E767B /* TestMainMenu.h */,
				6715454B1744ABC4000E767B /* TestMainMenu.m */,
				6715454C1744ABC4000E767B /* TestMainMenu.xib */,
			);
			name = TestMainMenu;
			sourceTree = "<group>";
		};
		6728650D174FC8F9003B1A65 /* math */ = {
			isa = PBXGroup;
			children = (
				6728650E174FC91F003B1A65 /* Vec3.h */,
				6728650F174FC91F003B1A65 /* Vec3.m */,
				67286511174FC92B003B1A65 /* Quat.h */,
				67286512174FC92B003B1A65 /* Quat.m */,
				67C731EA1750407000F1BA07 /* MathValidation.h */,
				67C732031750939400F1BA07 /* MathValidation.m */,
				6732D523175166AA00B39912 /* Mat4.h */,
				6732D524175166AA00B39912 /* Mat4.m */,
			);
			name = math;
			sourceTree = "<group>";
		};
		6736AEDA174E71A0006FA778 /* graphics */ = {
			isa = PBXGroup;
			children = (
				6736AEDE174E71F6006FA778 /* base */,
				6736AEDD174E71ED006FA778 /* objects */,
				6736AEDB174E71BE006FA778 /* managers */,
				67B7A6C91752CD870040362A /* Graphics.h */,
			);
			name = graphics;
			sourceTree = "<group>";
		};
		6736AEDB174E71BE006FA778 /* managers */ = {
			isa = PBXGroup;
			children = (
				6736AEDF174E723D006FA778 /* RenderManager.h */,
				6736AEE0174E723D006FA778 /* RenderManager.m */,
				6732D51617515D5A00B39912 /* SceneManager.h */,
				6732D51717515D5A00B39912 /* SceneManager.m */,
				6797717F175505460013FB6E /* RenderResourceManager.h */,
				67977180175505460013FB6E /* RenderResourceManager.m */,
			);
			name = managers;
			sourceTree = "<group>";
		};
		6736AEDD174E71ED006FA778 /* objects */ = {
			isa = PBXGroup;
			children = (
				6732D51917515D9C00B39912 /* Scene.h */,
				6732D51A17515D9C00B39912 /* Scene.m */,
				67B7A6CA1752CE0C0040362A /* Movable.h */,
				67B7A6CB1752CE0D0040362A /* Movable.m */,
				6732D51C17515DAC00B39912 /* Node.h */,
				6732D51D17515DAC00B39912 /* Node.m */,
				6732D51F17515DC300B39912 /* SceneNode.h */,
				6732D52017515DC300B39912 /* SceneNode.m */,
				67B7A6911752A2600040362A /* Renderable.h */,
				67B7A6921752A2600040362A /* Renderable.m */,
				67B7A6941752A2720040362A /* Model.h */,
				67B7A6951752A2720040362A /* Model.m */,
				67B7A69A1752A2880040362A /* Light.h */,
				67B7A69B1752A2890040362A /* Light.m */,
				67B7A69D1752A2940040362A /* Camera.h */,
				67B7A69E1752A2940040362A /* Camera.m */,
				67B7A6A01752A2A90040362A /* Mesh.h */,
				67B7A6A11752A2A90040362A /* Mesh.m */,
				67B7A6A31752A2B40040362A /* RenderResource.h */,
				67B7A6A41752A2B40040362A /* RenderResource.m */,
				67B7A6D117534D9F0040362A /* Color.h */,
				67B7A6D217534DA10040362A /* Color.m */,
				67977182175505C20013FB6E /* Shader.h */,
				67977183175505C20013FB6E /* Shader.m */,
				678CC0321758EE310094CC98 /* PrimitiveData.h */,
				678CC0331758EE310094CC98 /* PrimitiveData.m */,
				6787808A175C6A2B0014B5E4 /* Material.h */,
				6787808B175C6A2B0014B5E4 /* Material.m */,
			);
			name = objects;
			sourceTree = "<group>";
		};
		6736AEDE174E71F6006FA778 /* base */ = {
			isa = PBXGroup;
			children = (
				6732D52217515E4100B39912 /* GraphicsBase.h */,
				675150C6175DB51300A1C439 /* GraphicsBase.m */,
			);
			name = base;
			sourceTree = "<group>";
		};
		67B7A6C21752C54E0040362A /* GameScene */ = {
			isa = PBXGroup;
			children = (
				67B7A6C31752C5660040362A /* GameSceneManager.h */,
				67B7A6C41752C5660040362A /* GameSceneManager.m */,
			);
			name = GameScene;
			sourceTree = "<group>";
		};
		67B7A6CD1753488C0040362A /* Defrost */ = {
			isa = PBXGroup;
			children = (
				67B7A6CE175348A30040362A /* DefrostManager.h */,
				67B7A6CF175348A30040362A /* DefrostManager.m */,
			);
			name = Defrost;
			sourceTree = "<group>";
		};
		67C731EF1750710F00F1BA07 /* Testing */ = {
			isa = PBXGroup;
			children = (
				67C731F31750712A00F1BA07 /* TestCases */,
				67C731F21750712200F1BA07 /* Manager */,
				67C731F11750711A00F1BA07 /* EntitySpecs */,
				67C731F01750711400F1BA07 /* Components */,
			);
			name = Testing;
			sourceTree = "<group>";
		};
		67C731F01750711400F1BA07 /* Components */ = {
			isa = PBXGroup;
			children = (
				67C731FA1750715D00F1BA07 /* TestComponents.h */,
				67C731FB1750715D00F1BA07 /* TestComponents.m */,
			);
			name = Components;
			sourceTree = "<group>";
		};
		67C731F11750711A00F1BA07 /* EntitySpecs */ = {
			isa = PBXGroup;
			children = (
				67C731FD1750716800F1BA07 /* TestSpec.h */,
				67C731FE1750716800F1BA07 /* TestSpec.m */,
			);
			name = EntitySpecs;
			sourceTree = "<group>";
		};
		67C731F21750712200F1BA07 /* Manager */ = {
			isa = PBXGroup;
			children = (
				67C731F41750714500F1BA07 /* TestingManager.h */,
				67C731F51750714500F1BA07 /* TestingManager.m */,
			);
			name = Manager;
			sourceTree = "<group>";
		};
		67C731F31750712A00F1BA07 /* TestCases */ = {
			isa = PBXGroup;
			children = (
				67C731F71750715400F1BA07 /* TestCase.h */,
				67C731F81750715400F1BA07 /* TestCase.m */,
				67C732001750755F00F1BA07 /* MathTesting.h */,
				67C732011750755F00F1BA07 /* MathTesting.m */,
			);
			name = TestCases;
			sourceTree = "<group>";
		};
		67CCECD91743EAC400AE8940 = {
			isa = PBXGroup;
			children = (
				6797717D175488D40013FB6E /* GLKit.framework */,
				67E04D89174746FE00B3FCFC /* bundle */,
				67CCECEB1743EAC400AE8940 /* TowerIsles */,
				67CCECE41743EAC400AE8940 /* Frameworks */,
				67CCECE31743EAC400AE8940 /* Products */,
			);
			sourceTree = "<group>";
		};
		67CCECE31743EAC400AE8940 /* Products */ = {
			isa = PBXGroup;
			children = (
				67CCECE21743EAC400AE8940 /* TowerIsles.app */,
			);
			name = Products;
			sourceTree = "<group>";
		};
		67CCECE41743EAC400AE8940 /* Frameworks */ = {
			isa = PBXGroup;
			children = (
				6736AEEA174E7536006FA778 /* OpenGLES.framework */,
				67FF24E3174C7F2E008EE9A2 /* QuartzCore.framework */,
				67CCECE51743EAC400AE8940 /* UIKit.framework */,
				67CCECE71743EAC400AE8940 /* Foundation.framework */,
				67CCECE91743EAC400AE8940 /* CoreGraphics.framework */,
			);
			name = Frameworks;
			sourceTree = "<group>";
		};
		67CCECEB1743EAC400AE8940 /* TowerIsles */ = {
			isa = PBXGroup;
			children = (
				67CCED171743EBA700AE8940 /* Code */,
				67CCED451743EBB400AE8940 /* submodules */,
				67CCECEC1743EAC400AE8940 /* Supporting Files */,
			);
			path = TowerIsles;
			sourceTree = "<group>";
		};
		67CCECEC1743EAC400AE8940 /* Supporting Files */ = {
			isa = PBXGroup;
			children = (
				67CCED141743EB9900AE8940 /* InfoPlist.strings */,
				67CCED091743EB8F00AE8940 /* Default-568h@2x.png */,
				67CCED0A1743EB8F00AE8940 /* Default.png */,
				67CCED0B1743EB8F00AE8940 /* Default@2x.png */,
				67CCED0D1743EB8F00AE8940 /* TowerIsles-Info.plist */,
				67CCED0E1743EB8F00AE8940 /* TowerIsles-Prefix.pch */,
			);
			name = "Supporting Files";
			sourceTree = "<group>";
		};
		67CCED171743EBA700AE8940 /* Code */ = {
			isa = PBXGroup;
			children = (
				67C731EF1750710F00F1BA07 /* Testing */,
				67E04D7417460C0400B3FCFC /* Components */,
				67E04D7317460BF900B3FCFC /* EntitySpecs */,
				67CCED1F1743EBA700AE8940 /* Game.h */,
				67CCED0C1743EB8F00AE8940 /* main.m */,
				67CCED181743EBA700AE8940 /* AppDelegate */,
				67CCED201743EBA700AE8940 /* Managers */,
				67CCED2D1743EBA700AE8940 /* Objects */,
				67CCED341743EBA700AE8940 /* Services */,
				67CCED391743EBA700AE8940 /* UI */,
			);
			name = Code;
			path = game/Code;
			sourceTree = SOURCE_ROOT;
			usesTabs = 0;
		};
		67CCED181743EBA700AE8940 /* AppDelegate */ = {
			isa = PBXGroup;
			children = (
				67CCED191743EBA700AE8940 /* GameAppDelegate.h */,
				67CCED1A1743EBA700AE8940 /* GameAppDelegate.m */,
				67CCED1B1743EBA700AE8940 /* GameViewDirector.h */,
				67CCED1C1743EBA700AE8940 /* GameViewDirector.m */,
				67CCED1D1743EBA700AE8940 /* GameViewDirector.xib */,
				67CCED1E1743EBA700AE8940 /* MainWindow.xib */,
			);
			path = AppDelegate;
			sourceTree = "<group>";
		};
		67CCED201743EBA700AE8940 /* Managers */ = {
			isa = PBXGroup;
			children = (
				67B7A6CD1753488C0040362A /* Defrost */,
				67B7A6C21752C54E0040362A /* GameScene */,
				67CCED211743EBA700AE8940 /* Loading */,
				67CCED241743EBA700AE8940 /* Menu */,
				67CCED271743EBA700AE8940 /* Offline */,
				67CCED2A1743EBA700AE8940 /* Player */,
			);
			path = Managers;
			sourceTree = "<group>";
		};
		67CCED211743EBA700AE8940 /* Loading */ = {
			isa = PBXGroup;
			children = (
				67CCED221743EBA700AE8940 /* LoadingManager.h */,
				67CCED231743EBA700AE8940 /* LoadingManager.m */,
			);
			path = Loading;
			sourceTree = "<group>";
		};
		67CCED241743EBA700AE8940 /* Menu */ = {
			isa = PBXGroup;
			children = (
				67CCED251743EBA700AE8940 /* MenuManager.h */,
				67CCED261743EBA700AE8940 /* MenuManager.m */,
			);
			path = Menu;
			sourceTree = "<group>";
		};
		67CCED271743EBA700AE8940 /* Offline */ = {
			isa = PBXGroup;
			children = (
				67CCED281743EBA700AE8940 /* OfflineManager.h */,
				67CCED291743EBA700AE8940 /* OfflineManager.m */,
			);
			path = Offline;
			sourceTree = "<group>";
		};
		67CCED2A1743EBA700AE8940 /* Player */ = {
			isa = PBXGroup;
			children = (
				67CCED2B1743EBA700AE8940 /* PlayerManager.h */,
				67CCED2C1743EBA700AE8940 /* PlayerManager.m */,
			);
			path = Player;
			sourceTree = "<group>";
		};
		67CCED2D1743EBA700AE8940 /* Objects */ = {
			isa = PBXGroup;
			children = (
				67CCED2E1743EBA700AE8940 /* LoginResponse */,
				67CCED311743EBA700AE8940 /* PlayerData */,
			);
			path = Objects;
			sourceTree = "<group>";
		};
		67CCED2E1743EBA700AE8940 /* LoginResponse */ = {
			isa = PBXGroup;
			children = (
				67CCED2F1743EBA700AE8940 /* LoginResponse.h */,
				67CCED301743EBA700AE8940 /* LoginResponse.m */,
			);
			path = LoginResponse;
			sourceTree = "<group>";
		};
		67CCED311743EBA700AE8940 /* PlayerData */ = {
			isa = PBXGroup;
			children = (
				67CCED321743EBA700AE8940 /* PlayerData.h */,
				67CCED331743EBA700AE8940 /* PlayerData.m */,
			);
			path = PlayerData;
			sourceTree = "<group>";
		};
		67CCED341743EBA700AE8940 /* Services */ = {
			isa = PBXGroup;
			children = (
				67CCED351743EBA700AE8940 /* GameService.h */,
				67CCED361743EBA700AE8940 /* Player */,
			);
			path = Services;
			sourceTree = "<group>";
		};
		67CCED361743EBA700AE8940 /* Player */ = {
			isa = PBXGroup;
			children = (
				67CCED371743EBA700AE8940 /* PlayerService.h */,
				67CCED381743EBA700AE8940 /* PlayerService.m */,
			);
			path = Player;
			sourceTree = "<group>";
		};
		67CCED391743EBA700AE8940 /* UI */ = {
			isa = PBXGroup;
			children = (
				671545491744ABAA000E767B /* TestMainMenu */,
			);
			path = UI;
			sourceTree = "<group>";
		};
		67CCED451743EBB400AE8940 /* submodules */ = {
			isa = PBXGroup;
			children = (
				6736AEDA174E71A0006FA778 /* graphics */,
				67CCED461743EBB400AE8940 /* core */,
				67E04D52174539C000B3FCFC /* gameEngine */,
			);
			path = submodules;
			sourceTree = SOURCE_ROOT;
		};
		67CCED461743EBB400AE8940 /* core */ = {
			isa = PBXGroup;
			children = (
				67E04D6C1745425C00B3FCFC /* objects */,
				67CCED481743EBB400AE8940 /* appDirector */,
				67CCED4B1743EBB400AE8940 /* base */,
				67CCED541743EBB400AE8940 /* Core.h */,
				67CCED551743EBB400AE8940 /* coreManagers */,
				67CCED5A1743EBB400AE8940 /* JSON */,
				67CCED5D1743EBB400AE8940 /* manager */,
				67CCED601743EBB400AE8940 /* services */,
				67CCED631743EBB400AE8940 /* views */,
			);
			path = core;
			sourceTree = "<group>";
		};
		67CCED481743EBB400AE8940 /* appDirector */ = {
			isa = PBXGroup;
			children = (
				67CCED491743EBB400AE8940 /* AppDirector.h */,
				67CCED4A1743EBB400AE8940 /* AppDirector.m */,
			);
			path = appDirector;
			sourceTree = "<group>";
		};
		67CCED4B1743EBB400AE8940 /* base */ = {
			isa = PBXGroup;
			children = (
				67CCED4C1743EBB400AE8940 /* Asserts.h */,
				67CCED4D1743EBB400AE8940 /* Base.h */,
				67CCED4E1743EBB400AE8940 /* NSObject+Object.h */,
				67CCED4F1743EBB400AE8940 /* NSObject+Object.m */,
				67CCED501743EBB400AE8940 /* NSObject+Serialization.h */,
				67CCED511743EBB400AE8940 /* NSObject+Serialization.m */,
				67CCED521743EBB400AE8940 /* Utilities.h */,
				67CCED531743EBB400AE8940 /* Utilities.m */,
				67171C1D174B547500B20F2A /* PerformBlockAfterDelay.h */,
				67171C1E174B566600B20F2A /* PerformBlockAfterDelay.m */,
			);
			path = base;
			sourceTree = "<group>";
		};
		67CCED551743EBB400AE8940 /* coreManagers */ = {
			isa = PBXGroup;
			children = (
				67CCED561743EBB400AE8940 /* ResourceManager.h */,
				67CCED571743EBB400AE8940 /* ResourceManager.m */,
				67CCED581743EBB400AE8940 /* ViewManager.h */,
				67CCED591743EBB400AE8940 /* ViewManager.m */,
			);
			path = coreManagers;
			sourceTree = "<group>";
		};
		67CCED5A1743EBB400AE8940 /* JSON */ = {
			isa = PBXGroup;
			children = (
				67CCED5B1743EBB400AE8940 /* JSONKit.h */,
				67CCED5C1743EBB400AE8940 /* JSONKit.m */,
			);
			path = JSON;
			sourceTree = "<group>";
		};
		67CCED5D1743EBB400AE8940 /* manager */ = {
			isa = PBXGroup;
			children = (
				67CCED5E1743EBB400AE8940 /* Manager.h */,
				67CCED5F1743EBB400AE8940 /* Manager.m */,
			);
			path = manager;
			sourceTree = "<group>";
		};
		67CCED601743EBB400AE8940 /* services */ = {
			isa = PBXGroup;
			children = (
				67CCED611743EBB400AE8940 /* Service.h */,
				67CCED621743EBB400AE8940 /* Service.m */,
			);
			name = services;
			path = service;
			sourceTree = "<group>";
		};
		67CCED631743EBB400AE8940 /* views */ = {
			isa = PBXGroup;
			children = (
				67CCED641743EBB400AE8940 /* ManagedScrollView.h */,
				67CCED651743EBB400AE8940 /* ManagedScrollView.m */,
				67CCED661743EBB400AE8940 /* ManagedView.h */,
				67CCED671743EBB400AE8940 /* ManagedView.m */,
				67CCED681743EBB400AE8940 /* PassthroughView.h */,
				67CCED691743EBB400AE8940 /* PassthroughView.m */,
				67CCED6A1743EBB400AE8940 /* ViewLayer.h */,
				67CCED6B1743EBB400AE8940 /* ViewLayer.m */,
			);
			path = views;
			sourceTree = "<group>";
		};
		67E04D52174539C000B3FCFC /* gameEngine */ = {
			isa = PBXGroup;
			children = (
				67FC55161760E6DA00A72D9C /* objects */,
				6728650D174FC8F9003B1A65 /* math */,
				67FF24E5174C81FF008EE9A2 /* UI */,
				67E04D53174539C000B3FCFC /* component */,
				67E04D54174539C000B3FCFC /* entity */,
				67E04D5717453A2B00B3FCFC /* entitySpec */,
				67E04D55174539C000B3FCFC /* gameEngineManagers */,
				67E04D56174539E100B3FCFC /* GameEngine.h */,
			);
			path = gameEngine;
			sourceTree = "<group>";
		};
		67E04D53174539C000B3FCFC /* component */ = {
			isa = PBXGroup;
			children = (
				67E04D6117453C4D00B3FCFC /* Component.h */,
				67E04D6217453C4D00B3FCFC /* Component.m */,
			);
			path = component;
			sourceTree = "<group>";
		};
		67E04D54174539C000B3FCFC /* entity */ = {
			isa = PBXGroup;
			children = (
				67E04D5817453A5700B3FCFC /* Entity.h */,
				67E04D5917453A5700B3FCFC /* Entity.m */,
				67E04D5E17453BA800B3FCFC /* EntityConfig.h */,
				67E04D5F17453BA800B3FCFC /* EntityConfig.m */,
			);
			path = entity;
			sourceTree = "<group>";
		};
		67E04D55174539C000B3FCFC /* gameEngineManagers */ = {
			isa = PBXGroup;
			children = (
				67E04D5B17453B0400B3FCFC /* EntityManager.h */,
				67E04D5C17453B0400B3FCFC /* EntityManager.m */,
				67FF24E0174C60CB008EE9A2 /* ServerTimeManager.h */,
				67FF24E1174C60CB008EE9A2 /* ServerTimeManager.m */,
				67FF24EC174CB373008EE9A2 /* FrameTimeManager.h */,
				67FF24ED174CB373008EE9A2 /* FrameTimeManager.m */,
				67FC55131760536100A72D9C /* TouchManager.h */,
				67FC55141760536100A72D9C /* TouchManager.m */,
			);
			path = gameEngineManagers;
			sourceTree = "<group>";
		};
		67E04D5717453A2B00B3FCFC /* entitySpec */ = {
			isa = PBXGroup;
			children = (
				67E04D7B17460C9E00B3FCFC /* EntitySpec.h */,
				67E04D7C17460C9E00B3FCFC /* EntitySpec.m */,
			);
			path = entitySpec;
			sourceTree = "<group>";
		};
		67E04D6C1745425C00B3FCFC /* objects */ = {
			isa = PBXGroup;
			children = (
				67E04D701745429100B3FCFC /* Identifier.h */,
				67E04D711745429100B3FCFC /* Identifier.m */,
				67E04D6D1745427800B3FCFC /* DisplayInformation.h */,
				67E04D6E1745427800B3FCFC /* DisplayInformation.m */,
				67FF24F4174CBD92008EE9A2 /* UpdateBlockAtInterval.h */,
				67FF24F5174CBD92008EE9A2 /* UpdateBlockAtInterval.m */,
			);
			name = objects;
			sourceTree = "<group>";
		};
		67E04D7317460BF900B3FCFC /* EntitySpecs */ = {
			isa = PBXGroup;
			children = (
				67B7A6A91752C25A0040362A /* LightSpec.h */,
				67B7A6AA1752C25A0040362A /* LightSpec.m */,
				67B7A6AC1752C26B0040362A /* CameraSpec.h */,
				67B7A6AD1752C26B0040362A /* CameraSpec.m */,
				67B7A6A61752C1E70040362A /* RenderableSpec.h */,
				67B7A6A71752C1E70040362A /* RenderableSpec.m */,
				67B7A6C61752C5E10040362A /* NodeSpec.h */,
				67B7A6C71752C5E20040362A /* NodeSpec.m */,
			);
			name = EntitySpecs;
			sourceTree = "<group>";
		};
		67E04D7417460C0400B3FCFC /* Components */ = {
			isa = PBXGroup;
			children = (
				67B7A6B21752C30B0040362A /* LightComponent.h */,
				67B7A6B31752C30B0040362A /* LightComponent.m */,
				67B7A6B51752C31C0040362A /* CameraComponent.h */,
				67B7A6B61752C31C0040362A /* CameraComponent.m */,
				67B7A6B81752C3370040362A /* RenderableComponent.h */,
				67B7A6B91752C3370040362A /* RenderableComponent.m */,
				67B7A6BB1752C3450040362A /* NodeComponent.h */,
				67B7A6BC1752C3450040362A /* NodeComponent.m */,
			);
			name = Components;
			sourceTree = "<group>";
		};
		67FC55161760E6DA00A72D9C /* objects */ = {
			isa = PBXGroup;
			children = (
				67FC55171760E6F000A72D9C /* TouchChannel.h */,
				67FC55181760E6F000A72D9C /* TouchChannel.m */,
				67FC551A1760EB2A00A72D9C /* TouchGesture.h */,
				67FC551B1760EB2A00A72D9C /* TouchGesture.m */,
			);
			name = objects;
			sourceTree = "<group>";
		};
		67FF24E5174C81FF008EE9A2 /* UI */ = {
			isa = PBXGroup;
			children = (
				67FF24E6174C8207008EE9A2 /* FPSCounter */,
			);
			name = UI;
			sourceTree = "<group>";
		};
		67FF24E6174C8207008EE9A2 /* FPSCounter */ = {
			isa = PBXGroup;
			children = (
				67FF24EF174CB5F0008EE9A2 /* FPSCounter.h */,
				67FF24F0174CB5F0008EE9A2 /* FPSCounter.m */,
				67FF24F1174CB5F0008EE9A2 /* FPSCounter.xib */,
			);
			name = FPSCounter;
			sourceTree = "<group>";
		};
/* End PBXGroup section */

/* Begin PBXNativeTarget section */
		67CCECE11743EAC400AE8940 /* TowerIsles */ = {
			isa = PBXNativeTarget;
			buildConfigurationList = 67CCECFF1743EAC400AE8940 /* Build configuration list for PBXNativeTarget "TowerIsles" */;
			buildPhases = (
				67CCECDE1743EAC400AE8940 /* Sources */,
				67CCECDF1743EAC400AE8940 /* Frameworks */,
				67CCECE01743EAC400AE8940 /* Resources */,
			);
			buildRules = (
			);
			dependencies = (
			);
			name = TowerIsles;
			productName = TowerIsles;
			productReference = 67CCECE21743EAC400AE8940 /* TowerIsles.app */;
			productType = "com.apple.product-type.application";
		};
/* End PBXNativeTarget section */

/* Begin PBXProject section */
		67CCECDA1743EAC400AE8940 /* Project object */ = {
			isa = PBXProject;
			attributes = {
				LastUpgradeCheck = 0460;
				ORGANIZATIONNAME = "Caleb Fisher";
			};
			buildConfigurationList = 67CCECDD1743EAC400AE8940 /* Build configuration list for PBXProject "TowerIsles" */;
			compatibilityVersion = "Xcode 3.2";
			developmentRegion = English;
			hasScannedForEncodings = 0;
			knownRegions = (
				en,
			);
			mainGroup = 67CCECD91743EAC400AE8940;
			productRefGroup = 67CCECE31743EAC400AE8940 /* Products */;
			projectDirPath = "";
			projectRoot = "";
			targets = (
				67CCECE11743EAC400AE8940 /* TowerIsles */,
			);
		};
/* End PBXProject section */

/* Begin PBXResourcesBuildPhase section */
		67CCECE01743EAC400AE8940 /* Resources */ = {
			isa = PBXResourcesBuildPhase;
			buildActionMask = 2147483647;
			files = (
				67CCED0F1743EB8F00AE8940 /* Default-568h@2x.png in Resources */,
				67CCED101743EB8F00AE8940 /* Default.png in Resources */,
				67CCED111743EB8F00AE8940 /* Default@2x.png in Resources */,
				67CCED131743EB8F00AE8940 /* TowerIsles-Info.plist in Resources */,
				67CCED161743EB9900AE8940 /* InfoPlist.strings in Resources */,
				67CCED3C1743EBA700AE8940 /* GameViewDirector.xib in Resources */,
				67CCED3D1743EBA700AE8940 /* MainWindow.xib in Resources */,
				6715454E1744ABC4000E767B /* TestMainMenu.xib in Resources */,
				67E04D8A174746FF00B3FCFC /* bundle in Resources */,
				67FF24F3174CB5F0008EE9A2 /* FPSCounter.xib in Resources */,
			);
			runOnlyForDeploymentPostprocessing = 0;
		};
/* End PBXResourcesBuildPhase section */

/* Begin PBXSourcesBuildPhase section */
		67CCECDE1743EAC400AE8940 /* Sources */ = {
			isa = PBXSourcesBuildPhase;
			buildActionMask = 2147483647;
			files = (
				67CCED121743EB8F00AE8940 /* main.m in Sources */,
				67CCED3A1743EBA700AE8940 /* GameAppDelegate.m in Sources */,
				67CCED3B1743EBA700AE8940 /* GameViewDirector.m in Sources */,
				67CCED3E1743EBA700AE8940 /* LoadingManager.m in Sources */,
				67CCED3F1743EBA700AE8940 /* MenuManager.m in Sources */,
				67CCED401743EBA700AE8940 /* OfflineManager.m in Sources */,
				67CCED411743EBA700AE8940 /* PlayerManager.m in Sources */,
				67CCED421743EBA700AE8940 /* LoginResponse.m in Sources */,
				67CCED431743EBA700AE8940 /* PlayerData.m in Sources */,
				67CCED441743EBA700AE8940 /* PlayerService.m in Sources */,
				67CCED6D1743EBB400AE8940 /* AppDirector.m in Sources */,
				67CCED6E1743EBB400AE8940 /* NSObject+Object.m in Sources */,
				67CCED6F1743EBB400AE8940 /* NSObject+Serialization.m in Sources */,
				67CCED701743EBB400AE8940 /* Utilities.m in Sources */,
				67CCED711743EBB400AE8940 /* ResourceManager.m in Sources */,
				67CCED721743EBB400AE8940 /* ViewManager.m in Sources */,
				67CCED731743EBB400AE8940 /* JSONKit.m in Sources */,
				67CCED741743EBB400AE8940 /* Manager.m in Sources */,
				67CCED751743EBB400AE8940 /* Service.m in Sources */,
				67CCED761743EBB400AE8940 /* ManagedScrollView.m in Sources */,
				67CCED771743EBB400AE8940 /* ManagedView.m in Sources */,
				67CCED781743EBB400AE8940 /* PassthroughView.m in Sources */,
				67CCED791743EBB400AE8940 /* ViewLayer.m in Sources */,
				6715454D1744ABC4000E767B /* TestMainMenu.m in Sources */,
				67E04D5A17453A5700B3FCFC /* Entity.m in Sources */,
				67E04D5D17453B0400B3FCFC /* EntityManager.m in Sources */,
				67E04D6017453BA800B3FCFC /* EntityConfig.m in Sources */,
				67E04D6317453C4D00B3FCFC /* Component.m in Sources */,
				67E04D6F1745427800B3FCFC /* DisplayInformation.m in Sources */,
				67E04D721745429100B3FCFC /* Identifier.m in Sources */,
				67E04D7D17460C9E00B3FCFC /* EntitySpec.m in Sources */,
				67171C1F174B566600B20F2A /* PerformBlockAfterDelay.m in Sources */,
				67FF24E2174C60CB008EE9A2 /* ServerTimeManager.m in Sources */,
				67FF24EE174CB373008EE9A2 /* FrameTimeManager.m in Sources */,
				67FF24F2174CB5F0008EE9A2 /* FPSCounter.m in Sources */,
				67FF24F6174CBD92008EE9A2 /* UpdateBlockAtInterval.m in Sources */,
				6736AEE1174E723D006FA778 /* RenderManager.m in Sources */,
				67286510174FC91F003B1A65 /* Vec3.m in Sources */,
				67286513174FC92B003B1A65 /* Quat.m in Sources */,
				67C731F61750714500F1BA07 /* TestingManager.m in Sources */,
				67C731F91750715400F1BA07 /* TestCase.m in Sources */,
				67C731FC1750715D00F1BA07 /* TestComponents.m in Sources */,
				67C731FF1750716800F1BA07 /* TestSpec.m in Sources */,
				67C732021750755F00F1BA07 /* MathTesting.m in Sources */,
				67C732041750939400F1BA07 /* MathValidation.m in Sources */,
				6732D51817515D5A00B39912 /* SceneManager.m in Sources */,
				6732D51B17515D9C00B39912 /* Scene.m in Sources */,
				6732D51E17515DAC00B39912 /* Node.m in Sources */,
				6732D52117515DC300B39912 /* SceneNode.m in Sources */,
				6732D525175166AA00B39912 /* Mat4.m in Sources */,
				67B7A6931752A2600040362A /* Renderable.m in Sources */,
				67B7A6961752A2720040362A /* Model.m in Sources */,
				67B7A69C1752A2890040362A /* Light.m in Sources */,
				67B7A69F1752A2940040362A /* Camera.m in Sources */,
				67B7A6A21752A2A90040362A /* Mesh.m in Sources */,
				67B7A6A51752A2B40040362A /* RenderResource.m in Sources */,
				67B7A6A81752C1E70040362A /* RenderableSpec.m in Sources */,
				67B7A6AB1752C25A0040362A /* LightSpec.m in Sources */,
				67B7A6AE1752C26B0040362A /* CameraSpec.m in Sources */,
				67B7A6B41752C30B0040362A /* LightComponent.m in Sources */,
				67B7A6B71752C31C0040362A /* CameraComponent.m in Sources */,
				67B7A6BA1752C3370040362A /* RenderableComponent.m in Sources */,
				67B7A6BD1752C3450040362A /* NodeComponent.m in Sources */,
				67B7A6C51752C5660040362A /* GameSceneManager.m in Sources */,
				67B7A6C81752C5E20040362A /* NodeSpec.m in Sources */,
				67B7A6CC1752CE0E0040362A /* Movable.m in Sources */,
				67B7A6D0175348A30040362A /* DefrostManager.m in Sources */,
				67B7A6D317534DA20040362A /* Color.m in Sources */,
				67977181175505460013FB6E /* RenderResourceManager.m in Sources */,
				67977184175505C20013FB6E /* Shader.m in Sources */,
				678CC0341758EE320094CC98 /* PrimitiveData.m in Sources */,
				6787808C175C6A2B0014B5E4 /* Material.m in Sources */,
				675150C7175DB5EB00A1C439 /* GraphicsBase.m in Sources */,
				67FC55151760536100A72D9C /* TouchManager.m in Sources */,
				67FC55191760E6F000A72D9C /* TouchChannel.m in Sources */,
				67FC551C1760EB2A00A72D9C /* TouchGesture.m in Sources */,
			);
			runOnlyForDeploymentPostprocessing = 0;
		};
/* End PBXSourcesBuildPhase section */

/* Begin PBXVariantGroup section */
		67CCED141743EB9900AE8940 /* InfoPlist.strings */ = {
			isa = PBXVariantGroup;
			children = (
				67CCED151743EB9900AE8940 /* en */,
			);
			name = InfoPlist.strings;
			sourceTree = "<group>";
		};
/* End PBXVariantGroup section */

/* Begin XCBuildConfiguration section */
		67CCECFD1743EAC400AE8940 /* Debug */ = {
			isa = XCBuildConfiguration;
			buildSettings = {
				ALWAYS_SEARCH_USER_PATHS = NO;
				CLANG_CXX_LANGUAGE_STANDARD = "gnu++0x";
				CLANG_CXX_LIBRARY = "libc++";
				CLANG_WARN_CONSTANT_CONVERSION = YES;
				CLANG_WARN_EMPTY_BODY = YES;
				CLANG_WARN_ENUM_CONVERSION = YES;
				CLANG_WARN_INT_CONVERSION = YES;
				CLANG_WARN__DUPLICATE_METHOD_MATCH = YES;
				"CODE_SIGN_IDENTITY[sdk=iphoneos*]" = "iPhone Developer";
				COPY_PHASE_STRIP = NO;
				GCC_C_LANGUAGE_STANDARD = gnu99;
				GCC_DYNAMIC_NO_PIC = NO;
				GCC_OPTIMIZATION_LEVEL = 0;
				GCC_PREPROCESSOR_DEFINITIONS = (
					"DEBUG=1",
					"$(inherited)",
				);
				GCC_SYMBOLS_PRIVATE_EXTERN = NO;
				GCC_TREAT_WARNINGS_AS_ERRORS = YES;
				GCC_WARN_ABOUT_RETURN_TYPE = YES;
				GCC_WARN_UNINITIALIZED_AUTOS = YES;
				GCC_WARN_UNUSED_VARIABLE = YES;
				IPHONEOS_DEPLOYMENT_TARGET = 6.1;
				ONLY_ACTIVE_ARCH = YES;
				SDKROOT = iphoneos;
				TARGETED_DEVICE_FAMILY = "1,2";
			};
			name = Debug;
		};
		67CCECFE1743EAC400AE8940 /* Release */ = {
			isa = XCBuildConfiguration;
			buildSettings = {
				ALWAYS_SEARCH_USER_PATHS = NO;
				CLANG_CXX_LANGUAGE_STANDARD = "gnu++0x";
				CLANG_CXX_LIBRARY = "libc++";
				CLANG_WARN_CONSTANT_CONVERSION = YES;
				CLANG_WARN_EMPTY_BODY = YES;
				CLANG_WARN_ENUM_CONVERSION = YES;
				CLANG_WARN_INT_CONVERSION = YES;
				CLANG_WARN__DUPLICATE_METHOD_MATCH = YES;
				"CODE_SIGN_IDENTITY[sdk=iphoneos*]" = "iPhone Developer";
				COPY_PHASE_STRIP = YES;
				GCC_C_LANGUAGE_STANDARD = gnu99;
				GCC_TREAT_WARNINGS_AS_ERRORS = YES;
				GCC_WARN_ABOUT_RETURN_TYPE = YES;
				GCC_WARN_UNINITIALIZED_AUTOS = YES;
				GCC_WARN_UNUSED_VARIABLE = YES;
				IPHONEOS_DEPLOYMENT_TARGET = 6.1;
				OTHER_CFLAGS = "-DNS_BLOCK_ASSERTIONS=1";
				SDKROOT = iphoneos;
				TARGETED_DEVICE_FAMILY = "1,2";
				VALIDATE_PRODUCT = YES;
			};
			name = Release;
		};
		67CCED001743EAC400AE8940 /* Debug */ = {
			isa = XCBuildConfiguration;
			buildSettings = {
				GCC_PRECOMPILE_PREFIX_HEADER = YES;
				GCC_PREFIX_HEADER = "game/TowerIsles-Prefix.pch";
				INFOPLIST_FILE = "game/TowerIsles-Info.plist";
				LIBRARY_SEARCH_PATHS = (
					"$(inherited)",
					"\"$(SRCROOT)/../reference/glfw-2.7.8/lib/cocoa\"",
					"\"$(SRCROOT)\"",
				);
				PRODUCT_NAME = "$(TARGET_NAME)";
				WRAPPER_EXTENSION = app;
			};
			name = Debug;
		};
		67CCED011743EAC400AE8940 /* Release */ = {
			isa = XCBuildConfiguration;
			buildSettings = {
				GCC_PRECOMPILE_PREFIX_HEADER = YES;
				GCC_PREFIX_HEADER = "game/TowerIsles-Prefix.pch";
				INFOPLIST_FILE = "game/TowerIsles-Info.plist";
				LIBRARY_SEARCH_PATHS = (
					"$(inherited)",
					"\"$(SRCROOT)/../reference/glfw-2.7.8/lib/cocoa\"",
					"\"$(SRCROOT)\"",
				);
				PRODUCT_NAME = "$(TARGET_NAME)";
				WRAPPER_EXTENSION = app;
			};
			name = Release;
		};
/* End XCBuildConfiguration section */

/* Begin XCConfigurationList section */
		67CCECDD1743EAC400AE8940 /* Build configuration list for PBXProject "TowerIsles" */ = {
			isa = XCConfigurationList;
			buildConfigurations = (
				67CCECFD1743EAC400AE8940 /* Debug */,
				67CCECFE1743EAC400AE8940 /* Release */,
			);
			defaultConfigurationIsVisible = 0;
			defaultConfigurationName = Release;
		};
		67CCECFF1743EAC400AE8940 /* Build configuration list for PBXNativeTarget "TowerIsles" */ = {
			isa = XCConfigurationList;
			buildConfigurations = (
				67CCED001743EAC400AE8940 /* Debug */,
				67CCED011743EAC400AE8940 /* Release */,
			);
			defaultConfigurationIsVisible = 0;
			defaultConfigurationName = Release;
		};
/* End XCConfigurationList section */
	};
	rootObject = 67CCECDA1743EAC400AE8940 /* Project object */;
}
